[[package]]
name = "prompt-toolkit"
version = "3.0.30"
description = "Library for building powerful interactive command lines in Python"
category = "main"
optional = false
python-versions = ">=3.6.2"

[package.dependencies]
wcwidth = "*"

[[package]]
name = "pygments"
version = "2.13.0"
description = "Pygments is a syntax highlighting package written in Python."
category = "main"
optional = false
python-versions = ">=3.6"

[package.extras]
plugins = ["importlib-metadata"]

[[package]]
name = "setproctitle"
version = "1.3.2"
description = "A Python module to customize the process title"
category = "main"
optional = false
python-versions = ">=3.7"

[package.extras]
test = ["pytest"]

[[package]]
name = "wcwidth"
version = "0.2.5"
description = "Measures the displayed width of unicode strings in a terminal"
category = "main"
optional = false
python-versions = "*"

[[package]]
name = "xonsh"
version = "0.13.1"
description = "Python-powered, cross-platform, Unix-gazing shell"
category = "main"
optional = false
python-versions = ">=3.8"

[package.extras]
test = ["virtualenv (>=20.16.2)", "pyte (>=0.8.0)", "coverage (>=5.3.1)", "pygments (>=2.2)", "prompt-toolkit (>=3.0.29)", "pytest-rerunfailures", "pytest-subprocess", "pytest-timeout", "pytest-mock", "pytest-cov", "restructuredtext-lint", "pytest (>=7)", "xonsh"]
pygments = ["pygments (>=2.2)"]
ptk = ["pyperclip", "prompt-toolkit (>=3.0.29)"]
proctitle = ["setproctitle"]
mac = ["gnureadline"]
linux = ["distro"]
full = ["setproctitle", "distro", "gnureadline", "ujson", "xonsh"]
doc = ["myst-parser", "livereload", "runthis-sphinxext", "tornado", "doctr", "matplotlib", "pyzmq", "psutil", "sphinx (>=3.1,<5)", "numpydoc", "furo", "xonsh"]
dev = ["tomli", "re-ver", "pre-commit", "xonsh"]
bestshell = ["pygments (>=2.2)", "prompt-toolkit (>=3.0.29)"]

[metadata]
lock-version = "1.1"
python-versions = "^3.10"
content-hash = "e12560b665299c21d0ccce36b4a047fc1ba5be27d37d841564d958d1a3a13b85"

[metadata.files]
prompt-toolkit = []
pygments = []
setproctitle = [
    {file = "setproctitle-1.3.2-cp310-cp310-macosx_10_9_universal2.whl", hash = "sha256:288943dec88e178bb2fd868adf491197cc0fc8b6810416b1c6775e686bab87fe"},
    {file = "setproctitle-1.3.2-cp310-cp310-macosx_10_9_x86_64.whl", hash = "sha256:630f6fe5e24a619ccf970c78e084319ee8be5be253ecc9b5b216b0f474f5ef18"},
    {file = "setproctitle-1.3.2-cp310-cp310-manylinux_2_17_aarch64.manylinux2014_aarch64.whl", hash = "sha256:6c877691b90026670e5a70adfbcc735460a9f4c274d35ec5e8a43ce3f8443005"},
    {file = "setproctitle-1.3.2-cp310-cp310-manylinux_2_17_ppc64le.manylinux2014_ppc64le.whl", hash = "sha256:7a55fe05f15c10e8c705038777656fe45e3bd676d49ad9ac8370b75c66dd7cd7"},
    {file = "setproctitle-1.3.2-cp310-cp310-manylinux_2_5_i686.manylinux1_i686.manylinux_2_17_i686.manylinux2014_i686.whl", hash = "sha256:ab45146c71ca6592c9cc8b354a2cc9cc4843c33efcbe1d245d7d37ce9696552d"},
    {file = "setproctitle-1.3.2-cp310-cp310-manylinux_2_5_x86_64.manylinux1_x86_64.manylinux_2_17_x86_64.manylinux2014_x86_64.whl", hash = "sha256:e00c9d5c541a2713ba0e657e0303bf96ddddc412ef4761676adc35df35d7c246"},
    {file = "setproctitle-1.3.2-cp310-cp310-musllinux_1_1_aarch64.whl", hash = "sha256:265ecbe2c6eafe82e104f994ddd7c811520acdd0647b73f65c24f51374cf9494"},
    {file = "setproctitle-1.3.2-cp310-cp310-musllinux_1_1_i686.whl", hash = "sha256:c2c46200656280a064073447ebd363937562debef329482fd7e570c8d498f806"},
    {file = "setproctitle-1.3.2-cp310-cp310-musllinux_1_1_ppc64le.whl", hash = "sha256:fa2f50678f04fda7a75d0fe5dd02bbdd3b13cbe6ed4cf626e4472a7ccf47ae94"},
    {file = "setproctitle-1.3.2-cp310-cp310-musllinux_1_1_x86_64.whl", hash = "sha256:7f2719a398e1a2c01c2a63bf30377a34d0b6ef61946ab9cf4d550733af8f1ef1"},
    {file = "setproctitle-1.3.2-cp310-cp310-win32.whl", hash = "sha256:e425be62524dc0c593985da794ee73eb8a17abb10fe692ee43bb39e201d7a099"},
    {file = "setproctitle-1.3.2-cp310-cp310-win_amd64.whl", hash = "sha256:e85e50b9c67854f89635a86247412f3ad66b132a4d8534ac017547197c88f27d"},
    {file = "setproctitle-1.3.2-cp37-cp37m-macosx_10_9_x86_64.whl", hash = "sha256:92c626edc66169a1b09e9541b9c0c9f10488447d8a2b1d87c8f0672e771bc927"},
    {file = "setproctitle-1.3.2-cp37-cp37m-manylinux_2_17_aarch64.manylinux2014_aarch64.whl", hash = "sha256:710e16fa3bade3b026907e4a5e841124983620046166f355bbb84be364bf2a02"},
    {file = "setproctitle-1.3.2-cp37-cp37m-manylinux_2_17_ppc64le.manylinux2014_ppc64le.whl", hash = "sha256:1f29b75e86260b0ab59adb12661ef9f113d2f93a59951373eb6d68a852b13e83"},
    {file = "setproctitle-1.3.2-cp37-cp37m-manylinux_2_5_i686.manylinux1_i686.manylinux_2_17_i686.manylinux2014_i686.whl", hash = "sha256:1c8d9650154afaa86a44ff195b7b10d683c73509d085339d174e394a22cccbb9"},
    {file = "setproctitle-1.3.2-cp37-cp37m-manylinux_2_5_x86_64.manylinux1_x86_64.manylinux_2_17_x86_64.manylinux2014_x86_64.whl", hash = "sha256:f0452282258dfcc01697026a8841258dd2057c4438b43914b611bccbcd048f10"},
    {file = "setproctitle-1.3.2-cp37-cp37m-musllinux_1_1_aarch64.whl", hash = "sha256:e49ae693306d7624015f31cb3e82708916759d592c2e5f72a35c8f4cc8aef258"},
    {file = "setproctitle-1.3.2-cp37-cp37m-musllinux_1_1_i686.whl", hash = "sha256:1ff863a20d1ff6ba2c24e22436a3daa3cd80be1dfb26891aae73f61b54b04aca"},
    {file = "setproctitle-1.3.2-cp37-cp37m-musllinux_1_1_ppc64le.whl", hash = "sha256:55ce1e9925ce1765865442ede9dca0ba9bde10593fcd570b1f0fa25d3ec6b31c"},
    {file = "setproctitle-1.3.2-cp37-cp37m-musllinux_1_1_x86_64.whl", hash = "sha256:7fe9df7aeb8c64db6c34fc3b13271a363475d77bc157d3f00275a53910cb1989"},
    {file = "setproctitle-1.3.2-cp37-cp37m-win32.whl", hash = "sha256:e5c50e164cd2459bc5137c15288a9ef57160fd5cbf293265ea3c45efe7870865"},
    {file = "setproctitle-1.3.2-cp37-cp37m-win_amd64.whl", hash = "sha256:a499fff50387c1520c085a07578a000123f519e5f3eee61dd68e1d301659651f"},
    {file = "setproctitle-1.3.2-cp38-cp38-macosx_10_9_universal2.whl", hash = "sha256:5b932c3041aa924163f4aab970c2f0e6b4d9d773f4d50326e0ea1cd69240e5c5"},
    {file = "setproctitle-1.3.2-cp38-cp38-macosx_10_9_x86_64.whl", hash = "sha256:f4bfc89bd33ebb8e4c0e9846a09b1f5a4a86f5cb7a317e75cc42fee1131b4f4f"},
    {file = "setproctitle-1.3.2-cp38-cp38-manylinux_2_17_aarch64.manylinux2014_aarch64.whl", hash = "sha256:fcd3cf4286a60fdc95451d8d14e0389a6b4f5cebe02c7f2609325eb016535963"},
    {file = "setproctitle-1.3.2-cp38-cp38-manylinux_2_17_ppc64le.manylinux2014_ppc64le.whl", hash = "sha256:5fb4f769c02f63fac90989711a3fee83919f47ae9afd4758ced5d86596318c65"},
    {file = "setproctitle-1.3.2-cp38-cp38-manylinux_2_5_i686.manylinux1_i686.manylinux_2_17_i686.manylinux2014_i686.whl", hash = "sha256:5194b4969f82ea842a4f6af2f82cd16ebdc3f1771fb2771796e6add9835c1973"},
    {file = "setproctitle-1.3.2-cp38-cp38-manylinux_2_5_x86_64.manylinux1_x86_64.manylinux_2_17_x86_64.manylinux2014_x86_64.whl", hash = "sha256:1f0cde41857a644b7353a0060b5f94f7ba7cf593ebde5a1094da1be581ac9a31"},
    {file = "setproctitle-1.3.2-cp38-cp38-musllinux_1_1_aarch64.whl", hash = "sha256:9124bedd8006b0e04d4e8a71a0945da9b67e7a4ab88fdad7b1440dc5b6122c42"},
    {file = "setproctitle-1.3.2-cp38-cp38-musllinux_1_1_i686.whl", hash = "sha256:c8a09d570b39517de10ee5b718730e171251ce63bbb890c430c725c8c53d4484"},
    {file = "setproctitle-1.3.2-cp38-cp38-musllinux_1_1_ppc64le.whl", hash = "sha256:8ff3c8cb26afaed25e8bca7b9dd0c1e36de71f35a3a0706b5c0d5172587a3827"},
    {file = "setproctitle-1.3.2-cp38-cp38-musllinux_1_1_x86_64.whl", hash = "sha256:589be87172b238f839e19f146b9ea47c71e413e951ef0dc6db4218ddacf3c202"},
    {file = "setproctitle-1.3.2-cp38-cp38-win32.whl", hash = "sha256:4749a2b0c9ac52f864d13cee94546606f92b981b50e46226f7f830a56a9dc8e1"},
    {file = "setproctitle-1.3.2-cp38-cp38-win_amd64.whl", hash = "sha256:e43f315c68aa61cbdef522a2272c5a5b9b8fd03c301d3167b5e1343ef50c676c"},
    {file = "setproctitle-1.3.2-cp39-cp39-macosx_10_9_universal2.whl", hash = "sha256:de3a540cd1817ede31f530d20e6a4935bbc1b145fd8f8cf393903b1e02f1ae76"},
    {file = "setproctitle-1.3.2-cp39-cp39-macosx_10_9_x86_64.whl", hash = "sha256:4058564195b975ddc3f0462375c533cce310ccdd41b80ac9aed641c296c3eff4"},
    {file = "setproctitle-1.3.2-cp39-cp39-manylinux_2_17_aarch64.manylinux2014_aarch64.whl", hash = "sha256:1c5d5dad7c28bdd1ec4187d818e43796f58a845aa892bb4481587010dc4d362b"},
    {file = "setproctitle-1.3.2-cp39-cp39-manylinux_2_17_ppc64le.manylinux2014_ppc64le.whl", hash = "sha256:ffc61a388a5834a97953d6444a2888c24a05f2e333f9ed49f977a87bb1ad4761"},
    {file = "setproctitle-1.3.2-cp39-cp39-manylinux_2_5_i686.manylinux1_i686.manylinux_2_17_i686.manylinux2014_i686.whl", hash = "sha256:1fa1a0fbee72b47dc339c87c890d3c03a72ea65c061ade3204f285582f2da30f"},
    {file = "setproctitle-1.3.2-cp39-cp39-manylinux_2_5_x86_64.manylinux1_x86_64.manylinux_2_17_x86_64.manylinux2014_x86_64.whl", hash = "sha256:fe8a988c7220c002c45347430993830666e55bc350179d91fcee0feafe64e1d4"},
    {file = "setproctitle-1.3.2-cp39-cp39-musllinux_1_1_aarch64.whl", hash = "sha256:bae283e85fc084b18ffeb92e061ff7ac5af9e183c9d1345c93e178c3e5069cbe"},
    {file = "setproctitle-1.3.2-cp39-cp39-musllinux_1_1_i686.whl", hash = "sha256:fed18e44711c5af4b681c2b3b18f85e6f0f1b2370a28854c645d636d5305ccd8"},
    {file = "setproctitle-1.3.2-cp39-cp39-musllinux_1_1_ppc64le.whl", hash = "sha256:b34baef93bfb20a8ecb930e395ccd2ae3268050d8cf4fe187de5e2bd806fd796"},
    {file = "setproctitle-1.3.2-cp39-cp39-musllinux_1_1_x86_64.whl", hash = "sha256:7f0bed90a216ef28b9d227d8d73e28a8c9b88c0f48a082d13ab3fa83c581488f"},
    {file = "setproctitle-1.3.2-cp39-cp39-win32.whl", hash = "sha256:4d8938249a7cea45ab7e1e48b77685d0f2bab1ebfa9dde23e94ab97968996a7c"},
    {file = "setproctitle-1.3.2-cp39-cp39-win_amd64.whl", hash = "sha256:a47d97a75fd2d10c37410b180f67a5835cb1d8fdea2648fd7f359d4277f180b9"},
    {file = "setproctitle-1.3.2-pp37-pypy37_pp73-macosx_10_9_x86_64.whl", hash = "sha256:dad42e676c5261eb50fdb16bdf3e2771cf8f99a79ef69ba88729aeb3472d8575"},
    {file = "setproctitle-1.3.2-pp37-pypy37_pp73-manylinux_2_5_i686.manylinux1_i686.manylinux_2_17_i686.manylinux2014_i686.whl", hash = "sha256:c91b9bc8985d00239f7dc08a49927a7ca1ca8a6af2c3890feec3ed9665b6f91e"},
    {file = "setproctitle-1.3.2-pp37-pypy37_pp73-manylinux_2_5_x86_64.manylinux1_x86_64.manylinux_2_17_x86_64.manylinux2014_x86_64.whl", hash = "sha256:e8579a43eafd246e285eb3a5b939e7158073d5087aacdd2308f23200eac2458b"},
    {file = "setproctitle-1.3.2-pp37-pypy37_pp73-win_amd64.whl", hash = "sha256:2fbd8187948284293f43533c150cd69a0e4192c83c377da837dbcd29f6b83084"},
    {file = "setproctitle-1.3.2-pp38-pypy38_pp73-macosx_10_9_x86_64.whl", hash = "sha256:faec934cfe5fd6ac1151c02e67156c3f526e82f96b24d550b5d51efa4a5527c6"},
    {file = "setproctitle-1.3.2-pp38-pypy38_pp73-manylinux_2_5_i686.manylinux1_i686.manylinux_2_17_i686.manylinux2014_i686.whl", hash = "sha256:e1aafc91cbdacc9e5fe712c52077369168e6b6c346f3a9d51bf600b53eae56bb"},
    {file = "setproctitle-1.3.2-pp38-pypy38_pp73-manylinux_2_5_x86_64.manylinux1_x86_64.manylinux_2_17_x86_64.manylinux2014_x86_64.whl", hash = "sha256:b617f12c9be61e8f4b2857be4a4319754756845dbbbd9c3718f468bbb1e17bcb"},
    {file = "setproctitle-1.3.2-pp38-pypy38_pp73-win_amd64.whl", hash = "sha256:b2c9cb2705fc84cb8798f1ba74194f4c080aaef19d9dae843591c09b97678e98"},
    {file = "setproctitle-1.3.2-pp39-pypy39_pp73-macosx_10_9_x86_64.whl", hash = "sha256:a149a5f7f2c5a065d4e63cb0d7a4b6d3b66e6e80f12e3f8827c4f63974cbf122"},
    {file = "setproctitle-1.3.2-pp39-pypy39_pp73-manylinux_2_5_i686.manylinux1_i686.manylinux_2_17_i686.manylinux2014_i686.whl", hash = "sha256:2e3ac25bfc4a0f29d2409650c7532d5ddfdbf29f16f8a256fc31c47d0dc05172"},
    {file = "setproctitle-1.3.2-pp39-pypy39_pp73-manylinux_2_5_x86_64.manylinux1_x86_64.manylinux_2_17_x86_64.manylinux2014_x86_64.whl", hash = "sha256:65d884e22037b23fa25b2baf1a3316602ed5c5971eb3e9d771a38c3a69ce6e13"},
    {file = "setproctitle-1.3.2-pp39-pypy39_pp73-win_amd64.whl", hash = "sha256:7aa0aac1711fadffc1d51e9d00a3bea61f68443d6ac0241a224e4d622489d665"},
    {file = "setproctitle-1.3.2.tar.gz", hash = "sha256:b9fb97907c830d260fa0658ed58afd48a86b2b88aac521135c352ff7fd3477fd"},
]
wcwidth = []
xonsh = [
    {file = "xonsh-0.13.1-py310-none-any.whl", hash = "sha256:ab1d83f3a7fa2c70af521653dc56cb204660b4015bd9456cbafb25cf0a38c19f"},
    {file = "xonsh-0.13.1-py38-none-any.whl", hash = "sha256:b54c1b5a216f235ecf9e1f038ee97c251bb65ee7bd685b8d672146cc9bf7029a"},
    {file = "xonsh-0.13.1-py39-none-any.whl", hash = "sha256:66bb065c7b2f76d59615bb882dfe5bb64c769db71e48b2beb3719214e00197b6"},
    {file = "xonsh-0.13.1.tar.gz", hash = "sha256:18822664c8ae84869d5bccb1560c797cbf657024fa560caab1360602274f80ac"},
]
