# This file is automatically @generated by Poetry and should not be changed by hand.

[[package]]
name = "prompt-toolkit"
version = "3.0.43"
description = "Library for building powerful interactive command lines in Python"
category = "main"
optional = false
python-versions = ">=3.7.0"
files = [
    {file = "prompt_toolkit-3.0.43-py3-none-any.whl", hash = "sha256:a11a29cb3bf0a28a387fe5122cdb649816a957cd9261dcedf8c9f1fef33eacf6"},
    {file = "prompt_toolkit-3.0.43.tar.gz", hash = "sha256:3527b7af26106cbc65a040bcc84839a3566ec1b051bb0bfe953631e704b0ff7d"},
]

[package.dependencies]
wcwidth = "*"

[[package]]
name = "pygments"
version = "2.17.2"
description = "Pygments is a syntax highlighting package written in Python."
category = "main"
optional = false
python-versions = ">=3.7"
files = [
    {file = "pygments-2.17.2-py3-none-any.whl", hash = "sha256:b27c2826c47d0f3219f29554824c30c5e8945175d888647acd804ddd04af846c"},
    {file = "pygments-2.17.2.tar.gz", hash = "sha256:da46cec9fd2de5be3a8a784f434e4c4ab670b4ff54d605c4c2717e9d49c4c367"},
]

[package.extras]
plugins = ["importlib-metadata"]
windows-terminal = ["colorama (>=0.4.6)"]

[[package]]
name = "setproctitle"
version = "1.3.3"
description = "A Python module to customize the process title"
category = "main"
optional = false
python-versions = ">=3.7"
files = [
    {file = "setproctitle-1.3.3-cp310-cp310-macosx_10_9_universal2.whl", hash = "sha256:897a73208da48db41e687225f355ce993167079eda1260ba5e13c4e53be7f754"},
    {file = "setproctitle-1.3.3-cp310-cp310-macosx_10_9_x86_64.whl", hash = "sha256:8c331e91a14ba4076f88c29c777ad6b58639530ed5b24b5564b5ed2fd7a95452"},
    {file = "setproctitle-1.3.3-cp310-cp310-manylinux_2_17_aarch64.manylinux2014_aarch64.whl", hash = "sha256:bbbd6c7de0771c84b4aa30e70b409565eb1fc13627a723ca6be774ed6b9d9fa3"},
    {file = "setproctitle-1.3.3-cp310-cp310-manylinux_2_17_ppc64le.manylinux2014_ppc64le.whl", hash = "sha256:c05ac48ef16ee013b8a326c63e4610e2430dbec037ec5c5b58fcced550382b74"},
    {file = "setproctitle-1.3.3-cp310-cp310-manylinux_2_5_i686.manylinux1_i686.manylinux_2_17_i686.manylinux2014_i686.whl", hash = "sha256:1342f4fdb37f89d3e3c1c0a59d6ddbedbde838fff5c51178a7982993d238fe4f"},
    {file = "setproctitle-1.3.3-cp310-cp310-manylinux_2_5_x86_64.manylinux1_x86_64.manylinux_2_17_x86_64.manylinux2014_x86_64.whl", hash = "sha256:fc74e84fdfa96821580fb5e9c0b0777c1c4779434ce16d3d62a9c4d8c710df39"},
    {file = "setproctitle-1.3.3-cp310-cp310-musllinux_1_1_aarch64.whl", hash = "sha256:9617b676b95adb412bb69645d5b077d664b6882bb0d37bfdafbbb1b999568d85"},
    {file = "setproctitle-1.3.3-cp310-cp310-musllinux_1_1_i686.whl", hash = "sha256:6a249415f5bb88b5e9e8c4db47f609e0bf0e20a75e8d744ea787f3092ba1f2d0"},
    {file = "setproctitle-1.3.3-cp310-cp310-musllinux_1_1_ppc64le.whl", hash = "sha256:38da436a0aaace9add67b999eb6abe4b84397edf4a78ec28f264e5b4c9d53cd5"},
    {file = "setproctitle-1.3.3-cp310-cp310-musllinux_1_1_x86_64.whl", hash = "sha256:da0d57edd4c95bf221b2ebbaa061e65b1788f1544977288bdf95831b6e44e44d"},
    {file = "setproctitle-1.3.3-cp310-cp310-win32.whl", hash = "sha256:a1fcac43918b836ace25f69b1dca8c9395253ad8152b625064415b1d2f9be4fb"},
    {file = "setproctitle-1.3.3-cp310-cp310-win_amd64.whl", hash = "sha256:200620c3b15388d7f3f97e0ae26599c0c378fdf07ae9ac5a13616e933cbd2086"},
    {file = "setproctitle-1.3.3-cp311-cp311-macosx_10_9_universal2.whl", hash = "sha256:334f7ed39895d692f753a443102dd5fed180c571eb6a48b2a5b7f5b3564908c8"},
    {file = "setproctitle-1.3.3-cp311-cp311-macosx_10_9_x86_64.whl", hash = "sha256:950f6476d56ff7817a8fed4ab207727fc5260af83481b2a4b125f32844df513a"},
    {file = "setproctitle-1.3.3-cp311-cp311-manylinux_2_17_aarch64.manylinux2014_aarch64.whl", hash = "sha256:195c961f54a09eb2acabbfc90c413955cf16c6e2f8caa2adbf2237d1019c7dd8"},
    {file = "setproctitle-1.3.3-cp311-cp311-manylinux_2_17_ppc64le.manylinux2014_ppc64le.whl", hash = "sha256:f05e66746bf9fe6a3397ec246fe481096664a9c97eb3fea6004735a4daf867fd"},
    {file = "setproctitle-1.3.3-cp311-cp311-manylinux_2_5_i686.manylinux1_i686.manylinux_2_17_i686.manylinux2014_i686.whl", hash = "sha256:b5901a31012a40ec913265b64e48c2a4059278d9f4e6be628441482dd13fb8b5"},
    {file = "setproctitle-1.3.3-cp311-cp311-manylinux_2_5_x86_64.manylinux1_x86_64.manylinux_2_17_x86_64.manylinux2014_x86_64.whl", hash = "sha256:64286f8a995f2cd934082b398fc63fca7d5ffe31f0e27e75b3ca6b4efda4e353"},
    {file = "setproctitle-1.3.3-cp311-cp311-musllinux_1_1_aarch64.whl", hash = "sha256:184239903bbc6b813b1a8fc86394dc6ca7d20e2ebe6f69f716bec301e4b0199d"},
    {file = "setproctitle-1.3.3-cp311-cp311-musllinux_1_1_i686.whl", hash = "sha256:664698ae0013f986118064b6676d7dcd28fefd0d7d5a5ae9497cbc10cba48fa5"},
    {file = "setproctitle-1.3.3-cp311-cp311-musllinux_1_1_ppc64le.whl", hash = "sha256:e5119a211c2e98ff18b9908ba62a3bd0e3fabb02a29277a7232a6fb4b2560aa0"},
    {file = "setproctitle-1.3.3-cp311-cp311-musllinux_1_1_x86_64.whl", hash = "sha256:417de6b2e214e837827067048f61841f5d7fc27926f2e43954567094051aff18"},
    {file = "setproctitle-1.3.3-cp311-cp311-win32.whl", hash = "sha256:6a143b31d758296dc2f440175f6c8e0b5301ced3b0f477b84ca43cdcf7f2f476"},
    {file = "setproctitle-1.3.3-cp311-cp311-win_amd64.whl", hash = "sha256:a680d62c399fa4b44899094027ec9a1bdaf6f31c650e44183b50d4c4d0ccc085"},
    {file = "setproctitle-1.3.3-cp312-cp312-macosx_10_9_universal2.whl", hash = "sha256:d4460795a8a7a391e3567b902ec5bdf6c60a47d791c3b1d27080fc203d11c9dc"},
    {file = "setproctitle-1.3.3-cp312-cp312-macosx_10_9_x86_64.whl", hash = "sha256:bdfd7254745bb737ca1384dee57e6523651892f0ea2a7344490e9caefcc35e64"},
    {file = "setproctitle-1.3.3-cp312-cp312-manylinux_2_17_aarch64.manylinux2014_aarch64.whl", hash = "sha256:477d3da48e216d7fc04bddab67b0dcde633e19f484a146fd2a34bb0e9dbb4a1e"},
    {file = "setproctitle-1.3.3-cp312-cp312-manylinux_2_17_ppc64le.manylinux2014_ppc64le.whl", hash = "sha256:ab2900d111e93aff5df9fddc64cf51ca4ef2c9f98702ce26524f1acc5a786ae7"},
    {file = "setproctitle-1.3.3-cp312-cp312-manylinux_2_5_i686.manylinux1_i686.manylinux_2_17_i686.manylinux2014_i686.whl", hash = "sha256:088b9efc62d5aa5d6edf6cba1cf0c81f4488b5ce1c0342a8b67ae39d64001120"},
    {file = "setproctitle-1.3.3-cp312-cp312-manylinux_2_5_x86_64.manylinux1_x86_64.manylinux_2_17_x86_64.manylinux2014_x86_64.whl", hash = "sha256:a6d50252377db62d6a0bb82cc898089916457f2db2041e1d03ce7fadd4a07381"},
    {file = "setproctitle-1.3.3-cp312-cp312-musllinux_1_1_aarch64.whl", hash = "sha256:87e668f9561fd3a457ba189edfc9e37709261287b52293c115ae3487a24b92f6"},
    {file = "setproctitle-1.3.3-cp312-cp312-musllinux_1_1_i686.whl", hash = "sha256:287490eb90e7a0ddd22e74c89a92cc922389daa95babc833c08cf80c84c4df0a"},
    {file = "setproctitle-1.3.3-cp312-cp312-musllinux_1_1_ppc64le.whl", hash = "sha256:4fe1c49486109f72d502f8be569972e27f385fe632bd8895f4730df3c87d5ac8"},
    {file = "setproctitle-1.3.3-cp312-cp312-musllinux_1_1_x86_64.whl", hash = "sha256:4a6ba2494a6449b1f477bd3e67935c2b7b0274f2f6dcd0f7c6aceae10c6c6ba3"},
    {file = "setproctitle-1.3.3-cp312-cp312-win32.whl", hash = "sha256:2df2b67e4b1d7498632e18c56722851ba4db5d6a0c91aaf0fd395111e51cdcf4"},
    {file = "setproctitle-1.3.3-cp312-cp312-win_amd64.whl", hash = "sha256:f38d48abc121263f3b62943f84cbaede05749047e428409c2c199664feb6abc7"},
    {file = "setproctitle-1.3.3-cp37-cp37m-macosx_10_9_x86_64.whl", hash = "sha256:816330675e3504ae4d9a2185c46b573105d2310c20b19ea2b4596a9460a4f674"},
    {file = "setproctitle-1.3.3-cp37-cp37m-manylinux_2_17_aarch64.manylinux2014_aarch64.whl", hash = "sha256:68f960bc22d8d8e4ac886d1e2e21ccbd283adcf3c43136161c1ba0fa509088e0"},
    {file = "setproctitle-1.3.3-cp37-cp37m-manylinux_2_17_ppc64le.manylinux2014_ppc64le.whl", hash = "sha256:00e6e7adff74796ef12753ff399491b8827f84f6c77659d71bd0b35870a17d8f"},
    {file = "setproctitle-1.3.3-cp37-cp37m-manylinux_2_5_i686.manylinux1_i686.manylinux_2_17_i686.manylinux2014_i686.whl", hash = "sha256:53bc0d2358507596c22b02db079618451f3bd720755d88e3cccd840bafb4c41c"},
    {file = "setproctitle-1.3.3-cp37-cp37m-manylinux_2_5_x86_64.manylinux1_x86_64.manylinux_2_17_x86_64.manylinux2014_x86_64.whl", hash = "sha256:ad6d20f9541f5f6ac63df553b6d7a04f313947f550eab6a61aa758b45f0d5657"},
    {file = "setproctitle-1.3.3-cp37-cp37m-musllinux_1_1_aarch64.whl", hash = "sha256:c1c84beab776b0becaa368254801e57692ed749d935469ac10e2b9b825dbdd8e"},
    {file = "setproctitle-1.3.3-cp37-cp37m-musllinux_1_1_i686.whl", hash = "sha256:507e8dc2891021350eaea40a44ddd887c9f006e6b599af8d64a505c0f718f170"},
    {file = "setproctitle-1.3.3-cp37-cp37m-musllinux_1_1_ppc64le.whl", hash = "sha256:b1067647ac7aba0b44b591936118a22847bda3c507b0a42d74272256a7a798e9"},
    {file = "setproctitle-1.3.3-cp37-cp37m-musllinux_1_1_x86_64.whl", hash = "sha256:2e71f6365744bf53714e8bd2522b3c9c1d83f52ffa6324bd7cbb4da707312cd8"},
    {file = "setproctitle-1.3.3-cp37-cp37m-win32.whl", hash = "sha256:7f1d36a1e15a46e8ede4e953abb104fdbc0845a266ec0e99cc0492a4364f8c44"},
    {file = "setproctitle-1.3.3-cp37-cp37m-win_amd64.whl", hash = "sha256:c9a402881ec269d0cc9c354b149fc29f9ec1a1939a777f1c858cdb09c7a261df"},
    {file = "setproctitle-1.3.3-cp38-cp38-macosx_10_9_universal2.whl", hash = "sha256:ff814dea1e5c492a4980e3e7d094286077054e7ea116cbeda138819db194b2cd"},
    {file = "setproctitle-1.3.3-cp38-cp38-macosx_10_9_x86_64.whl", hash = "sha256:accb66d7b3ccb00d5cd11d8c6e07055a4568a24c95cf86109894dcc0c134cc89"},
    {file = "setproctitle-1.3.3-cp38-cp38-manylinux_2_17_aarch64.manylinux2014_aarch64.whl", hash = "sha256:554eae5a5b28f02705b83a230e9d163d645c9a08914c0ad921df363a07cf39b1"},
    {file = "setproctitle-1.3.3-cp38-cp38-manylinux_2_17_ppc64le.manylinux2014_ppc64le.whl", hash = "sha256:a911b26264dbe9e8066c7531c0591cfab27b464459c74385b276fe487ca91c12"},
    {file = "setproctitle-1.3.3-cp38-cp38-manylinux_2_5_i686.manylinux1_i686.manylinux_2_17_i686.manylinux2014_i686.whl", hash = "sha256:2982efe7640c4835f7355fdb4da313ad37fb3b40f5c69069912f8048f77b28c8"},
    {file = "setproctitle-1.3.3-cp38-cp38-manylinux_2_5_x86_64.manylinux1_x86_64.manylinux_2_17_x86_64.manylinux2014_x86_64.whl", hash = "sha256:df3f4274b80709d8bcab2f9a862973d453b308b97a0b423a501bcd93582852e3"},
    {file = "setproctitle-1.3.3-cp38-cp38-musllinux_1_1_aarch64.whl", hash = "sha256:af2c67ae4c795d1674a8d3ac1988676fa306bcfa1e23fddb5e0bd5f5635309ca"},
    {file = "setproctitle-1.3.3-cp38-cp38-musllinux_1_1_i686.whl", hash = "sha256:af4061f67fd7ec01624c5e3c21f6b7af2ef0e6bab7fbb43f209e6506c9ce0092"},
    {file = "setproctitle-1.3.3-cp38-cp38-musllinux_1_1_ppc64le.whl", hash = "sha256:37a62cbe16d4c6294e84670b59cf7adcc73faafe6af07f8cb9adaf1f0e775b19"},
    {file = "setproctitle-1.3.3-cp38-cp38-musllinux_1_1_x86_64.whl", hash = "sha256:a83ca086fbb017f0d87f240a8f9bbcf0809f3b754ee01cec928fff926542c450"},
    {file = "setproctitle-1.3.3-cp38-cp38-win32.whl", hash = "sha256:059f4ce86f8cc92e5860abfc43a1dceb21137b26a02373618d88f6b4b86ba9b2"},
    {file = "setproctitle-1.3.3-cp38-cp38-win_amd64.whl", hash = "sha256:ab92e51cd4a218208efee4c6d37db7368fdf182f6e7ff148fb295ecddf264287"},
    {file = "setproctitle-1.3.3-cp39-cp39-macosx_10_9_universal2.whl", hash = "sha256:c7951820b77abe03d88b114b998867c0f99da03859e5ab2623d94690848d3e45"},
    {file = "setproctitle-1.3.3-cp39-cp39-macosx_10_9_x86_64.whl", hash = "sha256:5bc94cf128676e8fac6503b37763adb378e2b6be1249d207630f83fc325d9b11"},
    {file = "setproctitle-1.3.3-cp39-cp39-manylinux_2_17_aarch64.manylinux2014_aarch64.whl", hash = "sha256:1f5d9027eeda64d353cf21a3ceb74bb1760bd534526c9214e19f052424b37e42"},
    {file = "setproctitle-1.3.3-cp39-cp39-manylinux_2_17_ppc64le.manylinux2014_ppc64le.whl", hash = "sha256:2e4a8104db15d3462e29d9946f26bed817a5b1d7a47eabca2d9dc2b995991503"},
    {file = "setproctitle-1.3.3-cp39-cp39-manylinux_2_5_i686.manylinux1_i686.manylinux_2_17_i686.manylinux2014_i686.whl", hash = "sha256:c32c41ace41f344d317399efff4cffb133e709cec2ef09c99e7a13e9f3b9483c"},
    {file = "setproctitle-1.3.3-cp39-cp39-manylinux_2_5_x86_64.manylinux1_x86_64.manylinux_2_17_x86_64.manylinux2014_x86_64.whl", hash = "sha256:cbf16381c7bf7f963b58fb4daaa65684e10966ee14d26f5cc90f07049bfd8c1e"},
    {file = "setproctitle-1.3.3-cp39-cp39-musllinux_1_1_aarch64.whl", hash = "sha256:e18b7bd0898398cc97ce2dfc83bb192a13a087ef6b2d5a8a36460311cb09e775"},
    {file = "setproctitle-1.3.3-cp39-cp39-musllinux_1_1_i686.whl", hash = "sha256:69d565d20efe527bd8a9b92e7f299ae5e73b6c0470f3719bd66f3cd821e0d5bd"},
    {file = "setproctitle-1.3.3-cp39-cp39-musllinux_1_1_ppc64le.whl", hash = "sha256:ddedd300cd690a3b06e7eac90ed4452348b1348635777ce23d460d913b5b63c3"},
    {file = "setproctitle-1.3.3-cp39-cp39-musllinux_1_1_x86_64.whl", hash = "sha256:415bfcfd01d1fbf5cbd75004599ef167a533395955305f42220a585f64036081"},
    {file = "setproctitle-1.3.3-cp39-cp39-win32.whl", hash = "sha256:21112fcd2195d48f25760f0eafa7a76510871bbb3b750219310cf88b04456ae3"},
    {file = "setproctitle-1.3.3-cp39-cp39-win_amd64.whl", hash = "sha256:5a740f05d0968a5a17da3d676ce6afefebeeeb5ce137510901bf6306ba8ee002"},
    {file = "setproctitle-1.3.3-pp310-pypy310_pp73-macosx_10_9_x86_64.whl", hash = "sha256:6b9e62ddb3db4b5205c0321dd69a406d8af9ee1693529d144e86bd43bcb4b6c0"},
    {file = "setproctitle-1.3.3-pp310-pypy310_pp73-manylinux_2_5_i686.manylinux1_i686.manylinux_2_17_i686.manylinux2014_i686.whl", hash = "sha256:9e3b99b338598de0bd6b2643bf8c343cf5ff70db3627af3ca427a5e1a1a90dd9"},
    {file = "setproctitle-1.3.3-pp310-pypy310_pp73-manylinux_2_5_x86_64.manylinux1_x86_64.manylinux_2_17_x86_64.manylinux2014_x86_64.whl", hash = "sha256:38ae9a02766dad331deb06855fb7a6ca15daea333b3967e214de12cfae8f0ef5"},
    {file = "setproctitle-1.3.3-pp310-pypy310_pp73-win_amd64.whl", hash = "sha256:200ede6fd11233085ba9b764eb055a2a191fb4ffb950c68675ac53c874c22e20"},
    {file = "setproctitle-1.3.3-pp37-pypy37_pp73-macosx_10_9_x86_64.whl", hash = "sha256:0d3a953c50776751e80fe755a380a64cb14d61e8762bd43041ab3f8cc436092f"},
    {file = "setproctitle-1.3.3-pp37-pypy37_pp73-manylinux_2_5_i686.manylinux1_i686.manylinux_2_17_i686.manylinux2014_i686.whl", hash = "sha256:e5e08e232b78ba3ac6bc0d23ce9e2bee8fad2be391b7e2da834fc9a45129eb87"},
    {file = "setproctitle-1.3.3-pp37-pypy37_pp73-manylinux_2_5_x86_64.manylinux1_x86_64.manylinux_2_17_x86_64.manylinux2014_x86_64.whl", hash = "sha256:f1da82c3e11284da4fcbf54957dafbf0655d2389cd3d54e4eaba636faf6d117a"},
    {file = "setproctitle-1.3.3-pp37-pypy37_pp73-win_amd64.whl", hash = "sha256:aeaa71fb9568ebe9b911ddb490c644fbd2006e8c940f21cb9a1e9425bd709574"},
    {file = "setproctitle-1.3.3-pp38-pypy38_pp73-macosx_10_9_x86_64.whl", hash = "sha256:59335d000c6250c35989394661eb6287187854e94ac79ea22315469ee4f4c244"},
    {file = "setproctitle-1.3.3-pp38-pypy38_pp73-manylinux_2_5_i686.manylinux1_i686.manylinux_2_17_i686.manylinux2014_i686.whl", hash = "sha256:c3ba57029c9c50ecaf0c92bb127224cc2ea9fda057b5d99d3f348c9ec2855ad3"},
    {file = "setproctitle-1.3.3-pp38-pypy38_pp73-manylinux_2_5_x86_64.manylinux1_x86_64.manylinux_2_17_x86_64.manylinux2014_x86_64.whl", hash = "sha256:d876d355c53d975c2ef9c4f2487c8f83dad6aeaaee1b6571453cb0ee992f55f6"},
    {file = "setproctitle-1.3.3-pp38-pypy38_pp73-win_amd64.whl", hash = "sha256:224602f0939e6fb9d5dd881be1229d485f3257b540f8a900d4271a2c2aa4e5f4"},
    {file = "setproctitle-1.3.3-pp39-pypy39_pp73-macosx_10_9_x86_64.whl", hash = "sha256:d7f27e0268af2d7503386e0e6be87fb9b6657afd96f5726b733837121146750d"},
    {file = "setproctitle-1.3.3-pp39-pypy39_pp73-manylinux_2_5_i686.manylinux1_i686.manylinux_2_17_i686.manylinux2014_i686.whl", hash = "sha256:f5e7266498cd31a4572378c61920af9f6b4676a73c299fce8ba93afd694f8ae7"},
    {file = "setproctitle-1.3.3-pp39-pypy39_pp73-manylinux_2_5_x86_64.manylinux1_x86_64.manylinux_2_17_x86_64.manylinux2014_x86_64.whl", hash = "sha256:33c5609ad51cd99d388e55651b19148ea99727516132fb44680e1f28dd0d1de9"},
    {file = "setproctitle-1.3.3-pp39-pypy39_pp73-win_amd64.whl", hash = "sha256:eae8988e78192fd1a3245a6f4f382390b61bce6cfcc93f3809726e4c885fa68d"},
    {file = "setproctitle-1.3.3.tar.gz", hash = "sha256:c913e151e7ea01567837ff037a23ca8740192880198b7fbb90b16d181607caae"},
]

[package.extras]
test = ["pytest"]

[[package]]
name = "wcwidth"
version = "0.2.12"
description = "Measures the displayed width of unicode strings in a terminal"
category = "main"
optional = false
python-versions = "*"
files = [
    {file = "wcwidth-0.2.12-py2.py3-none-any.whl", hash = "sha256:f26ec43d96c8cbfed76a5075dac87680124fa84e0855195a6184da9c187f133c"},
    {file = "wcwidth-0.2.12.tar.gz", hash = "sha256:f01c104efdf57971bcb756f054dd58ddec5204dd15fa31d6503ea57947d97c02"},
]

[[package]]
name = "xonsh"
version = "0.14.3"
description = "Python-powered, cross-platform, Unix-gazing shell"
category = "main"
optional = false
python-versions = ">=3.9"
files = [
    {file = "xonsh-0.14.3-py310-none-any.whl", hash = "sha256:e35ff6b2eec83a5a1f5edd19b7214f3c70aea40f74de10fed6a8f09e0e06a226"},
    {file = "xonsh-0.14.3-py311-none-any.whl", hash = "sha256:db7304309340d2ef7d884da81052061a3592822373bca94302151482222471ad"},
    {file = "xonsh-0.14.3-py312-none-any.whl", hash = "sha256:203451c7409c4135fb4e4238f55d97665b0a56d7ecbce01308d27899eeb6e083"},
    {file = "xonsh-0.14.3-py39-none-any.whl", hash = "sha256:25c7165a71132008dc6cab0d20e1f2afff82b98c94305deee2994cbb4a82b99f"},
    {file = "xonsh-0.14.3.tar.gz", hash = "sha256:a46d6613f8de7f5beba6c5b222ec3767404b678b4b707f52ab66a327ea9b3964"},
]

[package.extras]
bestshell = ["prompt-toolkit (>=3.0.29)", "pygments (>=2.2)"]
dev = ["pre-commit", "re-ver", "tomli", "xonsh[doc,test]"]
doc = ["doctr", "furo", "livereload", "matplotlib", "myst-parser", "numpydoc", "psutil", "pyzmq", "runthis-sphinxext", "sphinx (>=3.1,<5)", "tornado", "xonsh[bestshell]"]
full = ["distro", "gnureadline", "setproctitle", "ujson", "xonsh[ptk,pygments]"]
linux = ["distro"]
mac = ["gnureadline"]
proctitle = ["setproctitle"]
ptk = ["prompt-toolkit (>=3.0.29)", "pyperclip"]
pygments = ["pygments (>=2.2)"]
test = ["coverage (>=5.3.1)", "prompt-toolkit (>=3.0.29)", "pygments (>=2.2)", "pyte (>=0.8.0)", "pytest (>=7)", "pytest-cov", "pytest-mock", "pytest-rerunfailures", "pytest-subprocess", "pytest-timeout", "restructuredtext-lint", "virtualenv (>=20.16.2)", "xonsh[bestshell]"]

[metadata]
lock-version = "2.0"
python-versions = "^3.12"
content-hash = "4cfbfc27b1602a76cc6febc11dc90f605541c3a39057c433fe17bb644abf9670"
