# This file is automatically @generated by Poetry and should not be changed by hand.

[[package]]
name = "sshuttle"
version = "1.1.1"
description = "Full-featured\" VPN over an SSH tunnel"
category = "main"
optional = false
python-versions = ">=3.8"
files = [
    {file = "sshuttle-1.1.1-py2.py3-none-any.whl", hash = "sha256:6ca28718c3c77e23c2efa3c7dbac64552d8f0c04ebf47deb42ad121e6c5b8cca"},
    {file = "sshuttle-1.1.1.tar.gz", hash = "sha256:f5a3ed1e5ab1213c7a6df860af41f1a903ab2cafbfef71f371acdcff21e69ee6"},
]

[metadata]
lock-version = "2.0"
python-versions = "^3.12"
content-hash = "0e806831e778381a99dd67184295c683d9a83ea0be2b49c367e017f9d60ce179"
