[[package]]
name = "absl-py"
version = "1.2.0"
description = "Abseil Python Common Libraries, see https://github.com/abseil/abseil-py."
category = "main"
optional = false
python-versions = ">=3.6"

[[package]]
name = "astunparse"
version = "1.6.3"
description = "An AST unparser for Python"
category = "main"
optional = false
python-versions = "*"

[package.dependencies]
six = ">=1.6.1,<2.0"

[[package]]
name = "cachetools"
version = "5.2.0"
description = "Extensible memoizing collections and decorators"
category = "main"
optional = false
python-versions = "~=3.7"

[[package]]
name = "certifi"
version = "2022.6.15"
description = "Python package for providing Mozilla's CA Bundle."
category = "main"
optional = false
python-versions = ">=3.6"

[[package]]
name = "charset-normalizer"
version = "2.1.1"
description = "The Real First Universal Charset Detector. Open, modern and actively maintained alternative to Chardet."
category = "main"
optional = false
python-versions = ">=3.6.0"

[package.extras]
unicode_backport = ["unicodedata2"]

[[package]]
name = "flatbuffers"
version = "1.12"
description = "The FlatBuffers serialization format for Python"
category = "main"
optional = false
python-versions = "*"

[[package]]
name = "gast"
version = "0.4.0"
description = "Python AST that abstracts the underlying Python version"
category = "main"
optional = false
python-versions = ">=2.7, !=3.0.*, !=3.1.*, !=3.2.*, !=3.3.*"

[[package]]
name = "google-auth"
version = "2.11.0"
description = "Google Authentication Library"
category = "main"
optional = false
python-versions = ">=2.7,!=3.0.*,!=3.1.*,!=3.2.*,!=3.3.*,!=3.4.*,!=3.5.*"

[package.dependencies]
cachetools = ">=2.0.0,<6.0"
pyasn1-modules = ">=0.2.1"
rsa = {version = ">=3.1.4,<5", markers = "python_version >= \"3.6\""}
six = ">=1.9.0"

[package.extras]
aiohttp = ["requests (>=2.20.0,<3.0.0dev)", "aiohttp (>=3.6.2,<4.0.0dev)"]
enterprise_cert = ["cryptography (==36.0.2)", "pyopenssl (==22.0.0)"]
pyopenssl = ["pyopenssl (>=20.0.0)"]
reauth = ["pyu2f (>=0.1.5)"]

[[package]]
name = "google-auth-oauthlib"
version = "0.4.6"
description = "Google Authentication Library"
category = "main"
optional = false
python-versions = ">=3.6"

[package.dependencies]
google-auth = ">=1.0.0"
requests-oauthlib = ">=0.7.0"

[package.extras]
tool = ["click (>=6.0.0)"]

[[package]]
name = "google-pasta"
version = "0.2.0"
description = "pasta is an AST-based Python refactoring library"
category = "main"
optional = false
python-versions = "*"

[package.dependencies]
six = "*"

[[package]]
name = "grpcio"
version = "1.48.0"
description = "HTTP/2-based RPC framework"
category = "main"
optional = false
python-versions = ">=3.6"

[package.dependencies]
six = ">=1.5.2"

[package.extras]
protobuf = ["grpcio-tools (>=1.48.0)"]

[[package]]
name = "gviz-api"
version = "1.10.0"
description = "Python API for Google Visualization"
category = "main"
optional = false
python-versions = "*"

[package.dependencies]
six = "*"

[[package]]
name = "h5py"
version = "3.7.0"
description = "Read and write HDF5 files from Python"
category = "main"
optional = false
python-versions = ">=3.7"

[package.dependencies]
numpy = ">=1.14.5"

[[package]]
name = "idna"
version = "3.3"
description = "Internationalized Domain Names in Applications (IDNA)"
category = "main"
optional = false
python-versions = ">=3.5"

[[package]]
name = "keras"
version = "2.9.0"
description = "Deep learning for humans."
category = "main"
optional = false
python-versions = "*"

[[package]]
name = "keras-preprocessing"
version = "1.1.2"
description = "Easy data preprocessing and data augmentation for deep learning models"
category = "main"
optional = false
python-versions = "*"

[package.dependencies]
numpy = ">=1.9.1"
six = ">=1.9.0"

[package.extras]
tests = ["pytest-cov", "pytest-xdist", "pytest", "keras", "tensorflow", "pillow", "pandas"]
pep8 = ["flake8"]
image = ["Pillow (>=5.2.0)", "scipy (>=0.14)"]

[[package]]
name = "libclang"
version = "14.0.6"
description = "Clang Python Bindings, mirrored from the official LLVM repo: https://github.com/llvm/llvm-project/tree/main/clang/bindings/python, to make the installation process easier."
category = "main"
optional = false
python-versions = "*"

[[package]]
name = "markdown"
version = "3.4.1"
description = "Python implementation of Markdown."
category = "main"
optional = false
python-versions = ">=3.7"

[package.extras]
testing = ["coverage", "pyyaml"]

[[package]]
name = "markupsafe"
version = "2.1.1"
description = "Safely add untrusted strings to HTML/XML markup."
category = "main"
optional = false
python-versions = ">=3.7"

[[package]]
name = "numpy"
version = "1.23.2"
description = "NumPy is the fundamental package for array computing with Python."
category = "main"
optional = false
python-versions = ">=3.8"

[[package]]
name = "oauthlib"
version = "3.2.0"
description = "A generic, spec-compliant, thorough implementation of the OAuth request-signing logic"
category = "main"
optional = false
python-versions = ">=3.6"

[package.extras]
rsa = ["cryptography (>=3.0.0)"]
signals = ["blinker (>=1.4.0)"]
signedtoken = ["cryptography (>=3.0.0)", "pyjwt (>=2.0.0,<3)"]

[[package]]
name = "opt-einsum"
version = "3.3.0"
description = "Optimizing numpys einsum function"
category = "main"
optional = false
python-versions = ">=3.5"

[package.dependencies]
numpy = ">=1.7"

[package.extras]
docs = ["sphinx (==1.2.3)", "sphinxcontrib-napoleon", "sphinx-rtd-theme", "numpydoc"]
tests = ["pytest", "pytest-cov", "pytest-pep8"]

[[package]]
name = "packaging"
version = "21.3"
description = "Core utilities for Python packages"
category = "main"
optional = false
python-versions = ">=3.6"

[package.dependencies]
pyparsing = ">=2.0.2,<3.0.5 || >3.0.5"

[[package]]
name = "protobuf"
version = "3.19.4"
description = "Protocol Buffers"
category = "main"
optional = false
python-versions = ">=3.5"

[[package]]
name = "pyasn1"
version = "0.4.8"
description = "ASN.1 types and codecs"
category = "main"
optional = false
python-versions = "*"

[[package]]
name = "pyasn1-modules"
version = "0.2.8"
description = "A collection of ASN.1-based protocols modules."
category = "main"
optional = false
python-versions = "*"

[package.dependencies]
pyasn1 = ">=0.4.6,<0.5.0"

[[package]]
name = "pyparsing"
version = "3.0.9"
description = "pyparsing module - Classes and methods to define and execute parsing grammars"
category = "main"
optional = false
python-versions = ">=3.6.8"

[package.extras]
diagrams = ["jinja2", "railroad-diagrams"]

[[package]]
name = "requests"
version = "2.28.1"
description = "Python HTTP for Humans."
category = "main"
optional = false
python-versions = ">=3.7, <4"

[package.dependencies]
certifi = ">=2017.4.17"
charset-normalizer = ">=2,<3"
idna = ">=2.5,<4"
urllib3 = ">=1.21.1,<1.27"

[package.extras]
socks = ["PySocks (>=1.5.6,!=1.5.7)"]
use_chardet_on_py3 = ["chardet (>=3.0.2,<6)"]

[[package]]
name = "requests-oauthlib"
version = "1.3.1"
description = "OAuthlib authentication support for Requests."
category = "main"
optional = false
python-versions = ">=2.7, !=3.0.*, !=3.1.*, !=3.2.*, !=3.3.*"

[package.dependencies]
oauthlib = ">=3.0.0"
requests = ">=2.0.0"

[package.extras]
rsa = ["oauthlib[signedtoken] (>=3.0.0)"]

[[package]]
name = "rsa"
version = "4.9"
description = "Pure-Python RSA implementation"
category = "main"
optional = false
python-versions = ">=3.6,<4"

[package.dependencies]
pyasn1 = ">=0.1.3"

[[package]]
name = "six"
version = "1.16.0"
description = "Python 2 and 3 compatibility utilities"
category = "main"
optional = false
python-versions = ">=2.7, !=3.0.*, !=3.1.*, !=3.2.*"

[[package]]
name = "tensorboard"
version = "2.9.1"
description = "TensorBoard lets you watch Tensors Flow"
category = "main"
optional = false
python-versions = ">=3.6"

[package.dependencies]
absl-py = ">=0.4"
google-auth = ">=1.6.3,<3"
google-auth-oauthlib = ">=0.4.1,<0.5"
grpcio = ">=1.24.3"
markdown = ">=2.6.8"
numpy = ">=1.12.0"
protobuf = ">=3.9.2,<3.20"
requests = ">=2.21.0,<3"
tensorboard-data-server = ">=0.6.0,<0.7.0"
tensorboard-plugin-wit = ">=1.6.0"
werkzeug = ">=1.0.1"

[[package]]
name = "tensorboard-data-server"
version = "0.6.1"
description = "Fast data loading for TensorBoard"
category = "main"
optional = false
python-versions = ">=3.6"

[[package]]
name = "tensorboard-plugin-profile"
version = "2.8.0"
description = "Profile Tensorboard Plugin"
category = "main"
optional = false
python-versions = ">= 2.7, != 3.0.*, != 3.1.*"

[package.dependencies]
gviz-api = ">=1.9.0"
protobuf = ">=3.12.0"
six = ">=1.10.0"
werkzeug = ">=0.11.15"

[[package]]
name = "tensorboard-plugin-wit"
version = "1.8.1"
description = "What-If Tool TensorBoard plugin."
category = "main"
optional = false
python-versions = "*"

[[package]]
name = "tensorflow"
version = "2.9.1"
description = "TensorFlow is an open source machine learning framework for everyone."
category = "main"
optional = false
python-versions = ">=3.7"

[package.dependencies]
absl-py = ">=1.0.0"
astunparse = ">=1.6.0"
flatbuffers = ">=1.12,<2"
gast = ">=0.2.1,<=0.4.0"
google-pasta = ">=0.1.1"
grpcio = ">=1.24.3,<2.0"
h5py = ">=2.9.0"
keras = ">=2.9.0rc0,<2.10.0"
keras-preprocessing = ">=1.1.1"
libclang = ">=13.0.0"
numpy = ">=1.20"
opt-einsum = ">=2.3.2"
packaging = "*"
protobuf = ">=3.9.2,<3.20"
six = ">=1.12.0"
tensorboard = ">=2.9,<2.10"
tensorflow-estimator = ">=2.9.0rc0,<2.10.0"
tensorflow-io-gcs-filesystem = ">=0.23.1"
termcolor = ">=1.1.0"
typing-extensions = ">=3.6.6"
wrapt = ">=1.11.0"

[[package]]
name = "tensorflow-estimator"
version = "2.9.0"
description = "TensorFlow Estimator."
category = "main"
optional = false
python-versions = ">=3.7"

[[package]]
name = "tensorflow-io-gcs-filesystem"
version = "0.26.0"
description = "TensorFlow IO"
category = "main"
optional = false
python-versions = ">=3.7, <3.11"

[package.extras]
tensorflow = ["tensorflow (>=2.9.0,<2.10.0)"]
tensorflow-aarch64 = ["tensorflow-aarch64 (>=2.9.0,<2.10.0)"]
tensorflow-cpu = ["tensorflow-cpu (>=2.9.0,<2.10.0)"]
tensorflow-gpu = ["tensorflow-gpu (>=2.9.0,<2.10.0)"]
tensorflow-rocm = ["tensorflow-rocm (>=2.9.0,<2.10.0)"]

[[package]]
name = "termcolor"
version = "1.1.0"
description = "ANSII Color formatting for output in terminal."
category = "main"
optional = false
python-versions = "*"

[[package]]
name = "typing-extensions"
version = "4.3.0"
description = "Backported and Experimental Type Hints for Python 3.7+"
category = "main"
optional = false
python-versions = ">=3.7"

[[package]]
name = "urllib3"
version = "1.26.12"
description = "HTTP library with thread-safe connection pooling, file post, and more."
category = "main"
optional = false
python-versions = ">=2.7, !=3.0.*, !=3.1.*, !=3.2.*, !=3.3.*, !=3.4.*, !=3.5.*, <4"

[package.extras]
brotli = ["brotlicffi (>=0.8.0)", "brotli (>=1.0.9)", "brotlipy (>=0.6.0)"]
secure = ["pyOpenSSL (>=0.14)", "cryptography (>=1.3.4)", "idna (>=2.0.0)", "certifi", "urllib3-secure-extra", "ipaddress"]
socks = ["PySocks (>=1.5.6,!=1.5.7,<2.0)"]

[[package]]
name = "werkzeug"
version = "2.2.2"
description = "The comprehensive WSGI web application library."
category = "main"
optional = false
python-versions = ">=3.7"

[package.dependencies]
MarkupSafe = ">=2.1.1"

[package.extras]
watchdog = ["watchdog"]

[[package]]
name = "wrapt"
version = "1.14.1"
description = "Module for decorators, wrappers and monkey patching."
category = "main"
optional = false
python-versions = "!=3.0.*,!=3.1.*,!=3.2.*,!=3.3.*,!=3.4.*,>=2.7"

[metadata]
lock-version = "1.1"
python-versions = "3.10"
content-hash = "8e7675a623def20cfe465dc27a32c47a617c2c233bb6580fbc7e1af702689b64"

[metadata.files]
absl-py = [
    {file = "absl-py-1.2.0.tar.gz", hash = "sha256:f568809938c49abbda89826223c992b630afd23c638160ad7840cfe347710d97"},
    {file = "absl_py-1.2.0-py3-none-any.whl", hash = "sha256:5d15f85b8cc859c6245bc9886ba664460ed96a6fee895416caa37d669ee74a9a"},
]
astunparse = [
    {file = "astunparse-1.6.3-py2.py3-none-any.whl", hash = "sha256:c2652417f2c8b5bb325c885ae329bdf3f86424075c4fd1a128674bc6fba4b8e8"},
    {file = "astunparse-1.6.3.tar.gz", hash = "sha256:5ad93a8456f0d084c3456d059fd9a92cce667963232cbf763eac3bc5b7940872"},
]
cachetools = [
    {file = "cachetools-5.2.0-py3-none-any.whl", hash = "sha256:f9f17d2aec496a9aa6b76f53e3b614c965223c061982d434d160f930c698a9db"},
    {file = "cachetools-5.2.0.tar.gz", hash = "sha256:6a94c6402995a99c3970cc7e4884bb60b4a8639938157eeed436098bf9831757"},
]
certifi = [
    {file = "certifi-2022.6.15-py3-none-any.whl", hash = "sha256:fe86415d55e84719d75f8b69414f6438ac3547d2078ab91b67e779ef69378412"},
    {file = "certifi-2022.6.15.tar.gz", hash = "sha256:84c85a9078b11105f04f3036a9482ae10e4621616db313fe045dd24743a0820d"},
]
charset-normalizer = [
    {file = "charset-normalizer-2.1.1.tar.gz", hash = "sha256:5a3d016c7c547f69d6f81fb0db9449ce888b418b5b9952cc5e6e66843e9dd845"},
    {file = "charset_normalizer-2.1.1-py3-none-any.whl", hash = "sha256:83e9a75d1911279afd89352c68b45348559d1fc0506b054b346651b5e7fee29f"},
]
flatbuffers = [
    {file = "flatbuffers-1.12-py2.py3-none-any.whl", hash = "sha256:9e9ef47fa92625c4721036e7c4124182668dc6021d9e7c73704edd395648deb9"},
    {file = "flatbuffers-1.12.tar.gz", hash = "sha256:63bb9a722d5e373701913e226135b28a6f6ac200d5cc7b4d919fa38d73b44610"},
]
gast = [
    {file = "gast-0.4.0-py3-none-any.whl", hash = "sha256:b7adcdd5adbebf1adf17378da5ba3f543684dbec47b1cda1f3997e573cd542c4"},
    {file = "gast-0.4.0.tar.gz", hash = "sha256:40feb7b8b8434785585ab224d1568b857edb18297e5a3047f1ba012bc83b42c1"},
]
google-auth = [
    {file = "google-auth-2.11.0.tar.gz", hash = "sha256:ed65ecf9f681832298e29328e1ef0a3676e3732b2e56f41532d45f70a22de0fb"},
    {file = "google_auth-2.11.0-py2.py3-none-any.whl", hash = "sha256:be62acaae38d0049c21ca90f27a23847245c9f161ff54ede13af2cb6afecbac9"},
]
google-auth-oauthlib = [
    {file = "google-auth-oauthlib-0.4.6.tar.gz", hash = "sha256:a90a072f6993f2c327067bf65270046384cda5a8ecb20b94ea9a687f1f233a7a"},
    {file = "google_auth_oauthlib-0.4.6-py2.py3-none-any.whl", hash = "sha256:3f2a6e802eebbb6fb736a370fbf3b055edcb6b52878bf2f26330b5e041316c73"},
]
google-pasta = [
    {file = "google-pasta-0.2.0.tar.gz", hash = "sha256:c9f2c8dfc8f96d0d5808299920721be30c9eec37f2389f28904f454565c8a16e"},
    {file = "google_pasta-0.2.0-py2-none-any.whl", hash = "sha256:4612951da876b1a10fe3960d7226f0c7682cf901e16ac06e473b267a5afa8954"},
    {file = "google_pasta-0.2.0-py3-none-any.whl", hash = "sha256:b32482794a366b5366a32c92a9a9201b107821889935a02b3e51f6b432ea84ed"},
]
grpcio = [
    {file = "grpcio-1.48.0-cp310-cp310-linux_armv7l.whl", hash = "sha256:4a049a032144641ed5d073535c0dc69eb6029187cc729a66946c86dcc8eec3a1"},
    {file = "grpcio-1.48.0-cp310-cp310-macosx_10_10_x86_64.whl", hash = "sha256:f8bc76f5cd95f5476e5285fe5d3704a9332586a569fbbccef551b0b6f7a270f9"},
    {file = "grpcio-1.48.0-cp310-cp310-manylinux_2_17_aarch64.whl", hash = "sha256:448d397fe88e9fef8170f019b86abdc4d554ae311aaf4dbff1532fde227d3308"},
    {file = "grpcio-1.48.0-cp310-cp310-manylinux_2_17_i686.manylinux2014_i686.whl", hash = "sha256:8f9b6b6f7c83869d2316c5d13f953381881a16741275a34ec5ed5762f11b206e"},
    {file = "grpcio-1.48.0-cp310-cp310-manylinux_2_17_x86_64.manylinux2014_x86_64.whl", hash = "sha256:5bd8541c4b6b43c9024496d30b4a12346325d3a17a1f3c80ad8924caed1e35c3"},
    {file = "grpcio-1.48.0-cp310-cp310-musllinux_1_1_i686.whl", hash = "sha256:877d33aeba05ae0b9e81761a694914ed33613f655c35f6bbcf4ebbcb984e0167"},
    {file = "grpcio-1.48.0-cp310-cp310-musllinux_1_1_x86_64.whl", hash = "sha256:cd01a8201fd8ab2ce496f7e65975da1f1e629eac8eea84ead0fd77e32e4350cd"},
    {file = "grpcio-1.48.0-cp310-cp310-win32.whl", hash = "sha256:0388da923dff58ba7f711233e41c2b749b5817b8e0f137a107672d9c15a1009c"},
    {file = "grpcio-1.48.0-cp310-cp310-win_amd64.whl", hash = "sha256:8dcffdb8921fd88857ae350fd579277a5f9315351e89ed9094ef28927a46d40d"},
    {file = "grpcio-1.48.0-cp36-cp36m-linux_armv7l.whl", hash = "sha256:2138c50331232f56178c2b36dcfa6ad67aad705fe410955f3b2a53d722191b89"},
    {file = "grpcio-1.48.0-cp36-cp36m-macosx_10_10_x86_64.whl", hash = "sha256:af2d80f142da2a6af45204a5ca2374e2747af07a99de54a1164111e169a761ff"},
    {file = "grpcio-1.48.0-cp36-cp36m-manylinux_2_17_aarch64.whl", hash = "sha256:59284bd4cdf47c147c26d91aca693765318d524328f6ece2a1a0b85a12a362af"},
    {file = "grpcio-1.48.0-cp36-cp36m-manylinux_2_17_i686.manylinux2014_i686.whl", hash = "sha256:cc3ebfe356c0c6750379cd194bf2b7e5d1d2f29db1832358f05a73e9290db98c"},
    {file = "grpcio-1.48.0-cp36-cp36m-manylinux_2_17_x86_64.manylinux2014_x86_64.whl", hash = "sha256:dc2619a31339e1c53731f54761f1a2cb865d3421f690e00ef3e92f90d2a0c5ae"},
    {file = "grpcio-1.48.0-cp36-cp36m-musllinux_1_1_i686.whl", hash = "sha256:7df637405de328a54c1c8c08a3206f974c7a577730f90644af4c3400b7bfde2d"},
    {file = "grpcio-1.48.0-cp36-cp36m-musllinux_1_1_x86_64.whl", hash = "sha256:9e73b95969a579798bfbeb85d376695cce5172357fb52e450467ceb8e7365152"},
    {file = "grpcio-1.48.0-cp36-cp36m-win32.whl", hash = "sha256:059e9d58b5aba7fb9eabe3a4d2ac49e1dcbc2b54b0f166f6475e40b7f4435343"},
    {file = "grpcio-1.48.0-cp36-cp36m-win_amd64.whl", hash = "sha256:7cebcf645170f0c82ef71769544f9ac4515993a4d367f5900aba2eb4ecd2a32f"},
    {file = "grpcio-1.48.0-cp37-cp37m-linux_armv7l.whl", hash = "sha256:8af3a8845df35b838104d6fb1ae7f4969d248cf037fa2794916d31e917346f72"},
    {file = "grpcio-1.48.0-cp37-cp37m-macosx_10_10_x86_64.whl", hash = "sha256:a1ef40975ec9ced6c17ce7fbec9825823da782fa606f0b92392646ff3886f198"},
    {file = "grpcio-1.48.0-cp37-cp37m-manylinux_2_17_aarch64.whl", hash = "sha256:7cccbf6db31f2a78e1909047ff69620f94a4e6e53251858e9502fbbff5714b48"},
    {file = "grpcio-1.48.0-cp37-cp37m-manylinux_2_17_i686.manylinux2014_i686.whl", hash = "sha256:1f3f142579f58def64c0850f0bb0eb1b425ae885f5669dda5b73ade64ad2b753"},
    {file = "grpcio-1.48.0-cp37-cp37m-manylinux_2_17_x86_64.manylinux2014_x86_64.whl", hash = "sha256:656c6f6f7b815bca3054780b8cdfa1e4e37cd36c887a48558d00c2cf85f31697"},
    {file = "grpcio-1.48.0-cp37-cp37m-musllinux_1_1_i686.whl", hash = "sha256:cba4538e8a2ef123ea570e7b1d62162e158963c2471e35d79eb9690c971a10c0"},
    {file = "grpcio-1.48.0-cp37-cp37m-musllinux_1_1_x86_64.whl", hash = "sha256:9daa67820fafceec6194ed1686c1783816e62d6756ff301ba93e682948836846"},
    {file = "grpcio-1.48.0-cp37-cp37m-win32.whl", hash = "sha256:7ec264a7fb413e0c804a7a48a6f7d7212742955a60724c44d793da35a8f30873"},
    {file = "grpcio-1.48.0-cp37-cp37m-win_amd64.whl", hash = "sha256:a2b1b33b92359388b8164807313dcbb3317101b038a5d54342982560329d958f"},
    {file = "grpcio-1.48.0-cp38-cp38-linux_armv7l.whl", hash = "sha256:7b820696a5ce7b98f459f234698cb323f89b355373789188efa126d7f47a2a92"},
    {file = "grpcio-1.48.0-cp38-cp38-macosx_10_10_x86_64.whl", hash = "sha256:e4dfae66ebc165c46c5b7048eb554472ee72fbaab2c2c2da7f9b1621c81e077c"},
    {file = "grpcio-1.48.0-cp38-cp38-manylinux_2_17_aarch64.whl", hash = "sha256:f7115038edce33b494e0138b0bd31a2eb6595d45e2eed23be46bc32886feb741"},
    {file = "grpcio-1.48.0-cp38-cp38-manylinux_2_17_i686.manylinux2014_i686.whl", hash = "sha256:b4e996282238943ca114628255be61980e38b25f73a08ae2ffd02b63eaf70d3a"},
    {file = "grpcio-1.48.0-cp38-cp38-manylinux_2_17_x86_64.manylinux2014_x86_64.whl", hash = "sha256:13dad31f5155fa555d393511cc8108c41b1b5b54dc4c24c27d4694ddd7a78fad"},
    {file = "grpcio-1.48.0-cp38-cp38-musllinux_1_1_i686.whl", hash = "sha256:c84b9d90b2641963de98b35bb7a2a51f78119fe5bd00ef27246ba9f4f0835e36"},
    {file = "grpcio-1.48.0-cp38-cp38-musllinux_1_1_x86_64.whl", hash = "sha256:41b65166779d7dafac4c98380ac19f690f1c5fe18083a71d370df87b24dd30ff"},
    {file = "grpcio-1.48.0-cp38-cp38-win32.whl", hash = "sha256:b890e5f5fbc21cb994894f73ecb2faaa66697d8debcb228a5adb0622b9bec3b2"},
    {file = "grpcio-1.48.0-cp38-cp38-win_amd64.whl", hash = "sha256:5fe3af539d2f50891ed93aed3064ffbcc38bf848aa3f7ed1fbedcce139c57302"},
    {file = "grpcio-1.48.0-cp39-cp39-linux_armv7l.whl", hash = "sha256:a4ed57f4e3d91259551e6765782b22d9e8b8178fec43ebf8e1b2c392c4ced37b"},
    {file = "grpcio-1.48.0-cp39-cp39-macosx_10_10_x86_64.whl", hash = "sha256:60843d8184e171886dd7a93d6672e2ef0b08dfd4f88da7421c10b46b6e031ac4"},
    {file = "grpcio-1.48.0-cp39-cp39-manylinux_2_17_aarch64.whl", hash = "sha256:0ecba22f25ccde2442be7e7dd7fa746905d628f03312b4a0c9961f0d99771f53"},
    {file = "grpcio-1.48.0-cp39-cp39-manylinux_2_17_i686.manylinux2014_i686.whl", hash = "sha256:34f5917f0c49a04633dc12d483c8aee6f6d9f69133b700214d3703f72a72f501"},
    {file = "grpcio-1.48.0-cp39-cp39-manylinux_2_17_x86_64.manylinux2014_x86_64.whl", hash = "sha256:f4c4ad8ad7e2cf3a272cbc96734d56635e6543939022f17e0c4487f7d2a45bf9"},
    {file = "grpcio-1.48.0-cp39-cp39-musllinux_1_1_i686.whl", hash = "sha256:111fb2f5f4a069f331ae23106145fd16dd4e1112ca223858a922068614dac6d2"},
    {file = "grpcio-1.48.0-cp39-cp39-musllinux_1_1_x86_64.whl", hash = "sha256:beb0573daa49889efcfea0a6e995b4f39d481aa1b94e1257617406ef417b56a6"},
    {file = "grpcio-1.48.0-cp39-cp39-win32.whl", hash = "sha256:ce70254a082cb767217b2fdee374cc79199d338d46140753438cd6d67c609b2f"},
    {file = "grpcio-1.48.0-cp39-cp39-win_amd64.whl", hash = "sha256:ae3fd135666448058fe277d93c10e0f18345fbcbb015c4642de2fa3db6f0c205"},
    {file = "grpcio-1.48.0.tar.gz", hash = "sha256:eaf4bb73819863440727195411ab3b5c304f6663625e66f348e91ebe0a039306"},
]
gviz-api = [
    {file = "gviz_api-1.10.0-py2.py3-none-any.whl", hash = "sha256:a05055fed8c279f34f4b496eace7648c7fe9c1b06851e8a36e748541f1adbb05"},
    {file = "gviz_api-1.10.0.tar.gz", hash = "sha256:846692dd8cc73224fc31b18e41589bd934e1cc05090c6576af4b4b26c2e71b90"},
]
h5py = [
    {file = "h5py-3.7.0-cp310-cp310-macosx_10_9_x86_64.whl", hash = "sha256:d77af42cb751ad6cc44f11bae73075a07429a5cf2094dfde2b1e716e059b3911"},
    {file = "h5py-3.7.0-cp310-cp310-macosx_11_0_arm64.whl", hash = "sha256:63beb8b7b47d0896c50de6efb9a1eaa81dbe211f3767e7dd7db159cea51ba37a"},
    {file = "h5py-3.7.0-cp310-cp310-manylinux_2_12_x86_64.manylinux2010_x86_64.whl", hash = "sha256:04e2e1e2fc51b8873e972a08d2f89625ef999b1f2d276199011af57bb9fc7851"},
    {file = "h5py-3.7.0-cp310-cp310-manylinux_2_17_aarch64.manylinux2014_aarch64.whl", hash = "sha256:f73307c876af49aa869ec5df1818e9bb0bdcfcf8a5ba773cc45a4fba5a286a5c"},
    {file = "h5py-3.7.0-cp310-cp310-win_amd64.whl", hash = "sha256:f514b24cacdd983e61f8d371edac8c1b780c279d0acb8485639e97339c866073"},
    {file = "h5py-3.7.0-cp37-cp37m-macosx_10_9_x86_64.whl", hash = "sha256:43fed4d13743cf02798a9a03a360a88e589d81285e72b83f47d37bb64ed44881"},
    {file = "h5py-3.7.0-cp37-cp37m-manylinux_2_12_x86_64.manylinux2010_x86_64.whl", hash = "sha256:c038399ce09a58ff8d89ec3e62f00aa7cb82d14f34e24735b920e2a811a3a426"},
    {file = "h5py-3.7.0-cp37-cp37m-manylinux_2_17_aarch64.manylinux2014_aarch64.whl", hash = "sha256:03d64fb86bb86b978928bad923b64419a23e836499ec6363e305ad28afd9d287"},
    {file = "h5py-3.7.0-cp37-cp37m-win_amd64.whl", hash = "sha256:e5b7820b75f9519499d76cc708e27242ccfdd9dfb511d6deb98701961d0445aa"},
    {file = "h5py-3.7.0-cp38-cp38-macosx_10_9_x86_64.whl", hash = "sha256:a9351d729ea754db36d175098361b920573fdad334125f86ac1dd3a083355e20"},
    {file = "h5py-3.7.0-cp38-cp38-macosx_11_0_arm64.whl", hash = "sha256:6776d896fb90c5938de8acb925e057e2f9f28755f67ec3edcbc8344832616c38"},
    {file = "h5py-3.7.0-cp38-cp38-manylinux_2_12_x86_64.manylinux2010_x86_64.whl", hash = "sha256:0a047fddbe6951bce40e9cde63373c838a978c5e05a011a682db9ba6334b8e85"},
    {file = "h5py-3.7.0-cp38-cp38-manylinux_2_17_aarch64.manylinux2014_aarch64.whl", hash = "sha256:0798a9c0ff45f17d0192e4d7114d734cac9f8b2b2c76dd1d923c4d0923f27bb6"},
    {file = "h5py-3.7.0-cp38-cp38-win_amd64.whl", hash = "sha256:0d8de8cb619fc597da7cf8cdcbf3b7ff8c5f6db836568afc7dc16d21f59b2b49"},
    {file = "h5py-3.7.0-cp39-cp39-macosx_10_9_x86_64.whl", hash = "sha256:f084bbe816907dfe59006756f8f2d16d352faff2d107f4ffeb1d8de126fc5dc7"},
    {file = "h5py-3.7.0-cp39-cp39-macosx_11_0_arm64.whl", hash = "sha256:1fcb11a2dc8eb7ddcae08afd8fae02ba10467753a857fa07a404d700a93f3d53"},
    {file = "h5py-3.7.0-cp39-cp39-manylinux_2_12_x86_64.manylinux2010_x86_64.whl", hash = "sha256:ed43e2cc4f511756fd664fb45d6b66c3cbed4e3bd0f70e29c37809b2ae013c44"},
    {file = "h5py-3.7.0-cp39-cp39-manylinux_2_17_aarch64.manylinux2014_aarch64.whl", hash = "sha256:9e7535df5ee3dc3e5d1f408fdfc0b33b46bc9b34db82743c82cd674d8239b9ad"},
    {file = "h5py-3.7.0-cp39-cp39-win_amd64.whl", hash = "sha256:9e2ad2aa000f5b1e73b5dfe22f358ca46bf1a2b6ca394d9659874d7fc251731a"},
    {file = "h5py-3.7.0.tar.gz", hash = "sha256:3fcf37884383c5da64846ab510190720027dca0768def34dd8dcb659dbe5cbf3"},
]
idna = []
keras = [
    {file = "keras-2.9.0-py2.py3-none-any.whl", hash = "sha256:55911256f89cfc9343c9fbe4b61ec45a2d33d89729cbe1ab9dcacf8b07b8b6ab"},
]
keras-preprocessing = [
    {file = "Keras_Preprocessing-1.1.2-py2.py3-none-any.whl", hash = "sha256:7b82029b130ff61cc99b55f3bd27427df4838576838c5b2f65940e4fcec99a7b"},
    {file = "Keras_Preprocessing-1.1.2.tar.gz", hash = "sha256:add82567c50c8bc648c14195bf544a5ce7c1f76761536956c3d2978970179ef3"},
]
libclang = [
    {file = "libclang-14.0.6-py2.py3-none-macosx_10_9_x86_64.whl", hash = "sha256:8791cf3c3b087c373a6d61e9199da7a541da922c9ddcfed1122090586b996d6e"},
    {file = "libclang-14.0.6-py2.py3-none-macosx_11_0_arm64.whl", hash = "sha256:7b06fc76bd1e67c8b04b5719bf2ac5d6a323b289b245dfa9e468561d99538188"},
    {file = "libclang-14.0.6-py2.py3-none-manylinux1_x86_64.whl", hash = "sha256:e429853939423f276a25140b0b702442d7da9a09e001c05e48df888336947614"},
    {file = "libclang-14.0.6-py2.py3-none-manylinux2010_x86_64.whl", hash = "sha256:206d2789e4450a37d054e63b70451a6fc1873466397443fa13de2b3d4adb2796"},
    {file = "libclang-14.0.6-py2.py3-none-manylinux2014_aarch64.whl", hash = "sha256:e2add1703129b2abe066fb1890afa880870a89fd6ab4ec5d2a7a8dc8d271677e"},
    {file = "libclang-14.0.6-py2.py3-none-manylinux2014_armv7l.whl", hash = "sha256:5dd3c6fca1b007d308a4114afa8e4e9d32f32b2572520701d45fcc626ac5cd6c"},
    {file = "libclang-14.0.6-py2.py3-none-musllinux_1_2_x86_64.whl", hash = "sha256:cfb0e892ebb5dff6bd498ab5778adb8581f26a00fd8347b3c76c989fe2fd04f7"},
    {file = "libclang-14.0.6-py2.py3-none-win_amd64.whl", hash = "sha256:ea03c12675151837660cdd5dce65bd89320896ac3421efef43a36678f113ce95"},
    {file = "libclang-14.0.6-py2.py3-none-win_arm64.whl", hash = "sha256:2e4303e04517fcd11173cb2e51a7070eed71e16ef45d4e26a82c5e881cac3d27"},
    {file = "libclang-14.0.6.tar.gz", hash = "sha256:9052a8284d8846984f6fa826b1d7460a66d3b23a486d782633b42b6e3b418789"},
]
markdown = [
    {file = "Markdown-3.4.1-py3-none-any.whl", hash = "sha256:08fb8465cffd03d10b9dd34a5c3fea908e20391a2a90b88d66362cb05beed186"},
    {file = "Markdown-3.4.1.tar.gz", hash = "sha256:3b809086bb6efad416156e00a0da66fe47618a5d6918dd688f53f40c8e4cfeff"},
]
markupsafe = []
numpy = []
oauthlib = [
    {file = "oauthlib-3.2.0-py3-none-any.whl", hash = "sha256:6db33440354787f9b7f3a6dbd4febf5d0f93758354060e802f6c06cb493022fe"},
    {file = "oauthlib-3.2.0.tar.gz", hash = "sha256:23a8208d75b902797ea29fd31fa80a15ed9dc2c6c16fe73f5d346f83f6fa27a2"},
]
opt-einsum = [
    {file = "opt_einsum-3.3.0-py3-none-any.whl", hash = "sha256:2455e59e3947d3c275477df7f5205b30635e266fe6dc300e3d9f9646bfcea147"},
    {file = "opt_einsum-3.3.0.tar.gz", hash = "sha256:59f6475f77bbc37dcf7cd748519c0ec60722e91e63ca114e68821c0c54a46549"},
]
packaging = []
protobuf = [
    {file = "protobuf-3.19.4-cp310-cp310-macosx_10_9_universal2.whl", hash = "sha256:f51d5a9f137f7a2cec2d326a74b6e3fc79d635d69ffe1b036d39fc7d75430d37"},
    {file = "protobuf-3.19.4-cp310-cp310-manylinux2014_aarch64.whl", hash = "sha256:09297b7972da685ce269ec52af761743714996b4381c085205914c41fcab59fb"},
    {file = "protobuf-3.19.4-cp310-cp310-manylinux_2_17_x86_64.manylinux2014_x86_64.whl", hash = "sha256:072fbc78d705d3edc7ccac58a62c4c8e0cec856987da7df8aca86e647be4e35c"},
    {file = "protobuf-3.19.4-cp310-cp310-win32.whl", hash = "sha256:7bb03bc2873a2842e5ebb4801f5c7ff1bfbdf426f85d0172f7644fcda0671ae0"},
    {file = "protobuf-3.19.4-cp310-cp310-win_amd64.whl", hash = "sha256:f358aa33e03b7a84e0d91270a4d4d8f5df6921abe99a377828839e8ed0c04e07"},
    {file = "protobuf-3.19.4-cp36-cp36m-macosx_10_9_x86_64.whl", hash = "sha256:1c91ef4110fdd2c590effb5dca8fdbdcb3bf563eece99287019c4204f53d81a4"},
    {file = "protobuf-3.19.4-cp36-cp36m-manylinux_2_17_x86_64.manylinux2014_x86_64.whl", hash = "sha256:c438268eebb8cf039552897d78f402d734a404f1360592fef55297285f7f953f"},
    {file = "protobuf-3.19.4-cp36-cp36m-win32.whl", hash = "sha256:835a9c949dc193953c319603b2961c5c8f4327957fe23d914ca80d982665e8ee"},
    {file = "protobuf-3.19.4-cp36-cp36m-win_amd64.whl", hash = "sha256:4276cdec4447bd5015453e41bdc0c0c1234eda08420b7c9a18b8d647add51e4b"},
    {file = "protobuf-3.19.4-cp37-cp37m-macosx_10_9_x86_64.whl", hash = "sha256:6cbc312be5e71869d9d5ea25147cdf652a6781cf4d906497ca7690b7b9b5df13"},
    {file = "protobuf-3.19.4-cp37-cp37m-manylinux2014_aarch64.whl", hash = "sha256:54a1473077f3b616779ce31f477351a45b4fef8c9fd7892d6d87e287a38df368"},
    {file = "protobuf-3.19.4-cp37-cp37m-manylinux_2_17_x86_64.manylinux2014_x86_64.whl", hash = "sha256:435bb78b37fc386f9275a7035fe4fb1364484e38980d0dd91bc834a02c5ec909"},
    {file = "protobuf-3.19.4-cp37-cp37m-win32.whl", hash = "sha256:16f519de1313f1b7139ad70772e7db515b1420d208cb16c6d7858ea989fc64a9"},
    {file = "protobuf-3.19.4-cp37-cp37m-win_amd64.whl", hash = "sha256:cdc076c03381f5c1d9bb1abdcc5503d9ca8b53cf0a9d31a9f6754ec9e6c8af0f"},
    {file = "protobuf-3.19.4-cp38-cp38-macosx_10_9_x86_64.whl", hash = "sha256:69da7d39e39942bd52848438462674c463e23963a1fdaa84d88df7fbd7e749b2"},
    {file = "protobuf-3.19.4-cp38-cp38-manylinux2014_aarch64.whl", hash = "sha256:48ed3877fa43e22bcacc852ca76d4775741f9709dd9575881a373bd3e85e54b2"},
    {file = "protobuf-3.19.4-cp38-cp38-manylinux_2_17_x86_64.manylinux2014_x86_64.whl", hash = "sha256:bd95d1dfb9c4f4563e6093a9aa19d9c186bf98fa54da5252531cc0d3a07977e7"},
    {file = "protobuf-3.19.4-cp38-cp38-win32.whl", hash = "sha256:b38057450a0c566cbd04890a40edf916db890f2818e8682221611d78dc32ae26"},
    {file = "protobuf-3.19.4-cp38-cp38-win_amd64.whl", hash = "sha256:7ca7da9c339ca8890d66958f5462beabd611eca6c958691a8fe6eccbd1eb0c6e"},
    {file = "protobuf-3.19.4-cp39-cp39-macosx_10_9_x86_64.whl", hash = "sha256:36cecbabbda242915529b8ff364f2263cd4de7c46bbe361418b5ed859677ba58"},
    {file = "protobuf-3.19.4-cp39-cp39-manylinux2014_aarch64.whl", hash = "sha256:c1068287025f8ea025103e37d62ffd63fec8e9e636246b89c341aeda8a67c934"},
    {file = "protobuf-3.19.4-cp39-cp39-manylinux_2_17_x86_64.manylinux2014_x86_64.whl", hash = "sha256:96bd766831596d6014ca88d86dc8fe0fb2e428c0b02432fd9db3943202bf8c5e"},
    {file = "protobuf-3.19.4-cp39-cp39-win32.whl", hash = "sha256:84123274d982b9e248a143dadd1b9815049f4477dc783bf84efe6250eb4b836a"},
    {file = "protobuf-3.19.4-cp39-cp39-win_amd64.whl", hash = "sha256:3112b58aac3bac9c8be2b60a9daf6b558ca3f7681c130dcdd788ade7c9ffbdca"},
    {file = "protobuf-3.19.4-py2.py3-none-any.whl", hash = "sha256:8961c3a78ebfcd000920c9060a262f082f29838682b1f7201889300c1fbe0616"},
    {file = "protobuf-3.19.4.tar.gz", hash = "sha256:9df0c10adf3e83015ced42a9a7bd64e13d06c4cf45c340d2c63020ea04499d0a"},
]
pyasn1 = [
    {file = "pyasn1-0.4.8-py2.4.egg", hash = "sha256:fec3e9d8e36808a28efb59b489e4528c10ad0f480e57dcc32b4de5c9d8c9fdf3"},
    {file = "pyasn1-0.4.8-py2.5.egg", hash = "sha256:0458773cfe65b153891ac249bcf1b5f8f320b7c2ce462151f8fa74de8934becf"},
    {file = "pyasn1-0.4.8-py2.6.egg", hash = "sha256:5c9414dcfede6e441f7e8f81b43b34e834731003427e5b09e4e00e3172a10f00"},
    {file = "pyasn1-0.4.8-py2.7.egg", hash = "sha256:6e7545f1a61025a4e58bb336952c5061697da694db1cae97b116e9c46abcf7c8"},
    {file = "pyasn1-0.4.8-py2.py3-none-any.whl", hash = "sha256:39c7e2ec30515947ff4e87fb6f456dfc6e84857d34be479c9d4a4ba4bf46aa5d"},
    {file = "pyasn1-0.4.8-py3.1.egg", hash = "sha256:78fa6da68ed2727915c4767bb386ab32cdba863caa7dbe473eaae45f9959da86"},
    {file = "pyasn1-0.4.8-py3.2.egg", hash = "sha256:08c3c53b75eaa48d71cf8c710312316392ed40899cb34710d092e96745a358b7"},
    {file = "pyasn1-0.4.8-py3.3.egg", hash = "sha256:03840c999ba71680a131cfaee6fab142e1ed9bbd9c693e285cc6aca0d555e576"},
    {file = "pyasn1-0.4.8-py3.4.egg", hash = "sha256:7ab8a544af125fb704feadb008c99a88805126fb525280b2270bb25cc1d78a12"},
    {file = "pyasn1-0.4.8-py3.5.egg", hash = "sha256:e89bf84b5437b532b0803ba5c9a5e054d21fec423a89952a74f87fa2c9b7bce2"},
    {file = "pyasn1-0.4.8-py3.6.egg", hash = "sha256:014c0e9976956a08139dc0712ae195324a75e142284d5f87f1a87ee1b068a359"},
    {file = "pyasn1-0.4.8-py3.7.egg", hash = "sha256:99fcc3c8d804d1bc6d9a099921e39d827026409a58f2a720dcdb89374ea0c776"},
    {file = "pyasn1-0.4.8.tar.gz", hash = "sha256:aef77c9fb94a3ac588e87841208bdec464471d9871bd5050a287cc9a475cd0ba"},
]
pyasn1-modules = [
    {file = "pyasn1-modules-0.2.8.tar.gz", hash = "sha256:905f84c712230b2c592c19470d3ca8d552de726050d1d1716282a1f6146be65e"},
    {file = "pyasn1_modules-0.2.8-py2.4.egg", hash = "sha256:0fe1b68d1e486a1ed5473f1302bd991c1611d319bba158e98b106ff86e1d7199"},
    {file = "pyasn1_modules-0.2.8-py2.5.egg", hash = "sha256:fe0644d9ab041506b62782e92b06b8c68cca799e1a9636ec398675459e031405"},
    {file = "pyasn1_modules-0.2.8-py2.6.egg", hash = "sha256:a99324196732f53093a84c4369c996713eb8c89d360a496b599fb1a9c47fc3eb"},
    {file = "pyasn1_modules-0.2.8-py2.7.egg", hash = "sha256:0845a5582f6a02bb3e1bde9ecfc4bfcae6ec3210dd270522fee602365430c3f8"},
    {file = "pyasn1_modules-0.2.8-py2.py3-none-any.whl", hash = "sha256:a50b808ffeb97cb3601dd25981f6b016cbb3d31fbf57a8b8a87428e6158d0c74"},
    {file = "pyasn1_modules-0.2.8-py3.1.egg", hash = "sha256:f39edd8c4ecaa4556e989147ebf219227e2cd2e8a43c7e7fcb1f1c18c5fd6a3d"},
    {file = "pyasn1_modules-0.2.8-py3.2.egg", hash = "sha256:b80486a6c77252ea3a3e9b1e360bc9cf28eaac41263d173c032581ad2f20fe45"},
    {file = "pyasn1_modules-0.2.8-py3.3.egg", hash = "sha256:65cebbaffc913f4fe9e4808735c95ea22d7a7775646ab690518c056784bc21b4"},
    {file = "pyasn1_modules-0.2.8-py3.4.egg", hash = "sha256:15b7c67fabc7fc240d87fb9aabf999cf82311a6d6fb2c70d00d3d0604878c811"},
    {file = "pyasn1_modules-0.2.8-py3.5.egg", hash = "sha256:426edb7a5e8879f1ec54a1864f16b882c2837bfd06eee62f2c982315ee2473ed"},
    {file = "pyasn1_modules-0.2.8-py3.6.egg", hash = "sha256:cbac4bc38d117f2a49aeedec4407d23e8866ea4ac27ff2cf7fb3e5b570df19e0"},
    {file = "pyasn1_modules-0.2.8-py3.7.egg", hash = "sha256:c29a5e5cc7a3f05926aff34e097e84f8589cd790ce0ed41b67aed6857b26aafd"},
]
pyparsing = []
requests = [
    {file = "requests-2.28.1-py3-none-any.whl", hash = "sha256:8fefa2a1a1365bf5520aac41836fbee479da67864514bdb821f31ce07ce65349"},
    {file = "requests-2.28.1.tar.gz", hash = "sha256:7c5599b102feddaa661c826c56ab4fee28bfd17f5abca1ebbe3e7f19d7c97983"},
]
requests-oauthlib = [
    {file = "requests-oauthlib-1.3.1.tar.gz", hash = "sha256:75beac4a47881eeb94d5ea5d6ad31ef88856affe2332b9aafb52c6452ccf0d7a"},
    {file = "requests_oauthlib-1.3.1-py2.py3-none-any.whl", hash = "sha256:2577c501a2fb8d05a304c09d090d6e47c306fef15809d102b327cf8364bddab5"},
]
rsa = [
    {file = "rsa-4.9-py3-none-any.whl", hash = "sha256:90260d9058e514786967344d0ef75fa8727eed8a7d2e43ce9f4bcf1b536174f7"},
    {file = "rsa-4.9.tar.gz", hash = "sha256:e38464a49c6c85d7f1351b0126661487a7e0a14a50f1675ec50eb34d4f20ef21"},
]
six = []
tensorboard = [
    {file = "tensorboard-2.9.1-py3-none-any.whl", hash = "sha256:baa727f791776f9e5841d347127720ceed4bbd59c36b40604b95fb2ae6029276"},
]
tensorboard-data-server = [
    {file = "tensorboard_data_server-0.6.1-py3-none-any.whl", hash = "sha256:809fe9887682d35c1f7d1f54f0f40f98bb1f771b14265b453ca051e2ce58fca7"},
    {file = "tensorboard_data_server-0.6.1-py3-none-macosx_10_9_x86_64.whl", hash = "sha256:fa8cef9be4fcae2f2363c88176638baf2da19c5ec90addb49b1cde05c95c88ee"},
    {file = "tensorboard_data_server-0.6.1-py3-none-manylinux2010_x86_64.whl", hash = "sha256:d8237580755e58eff68d1f3abefb5b1e39ae5c8b127cc40920f9c4fb33f4b98a"},
]
tensorboard-plugin-profile = [
    {file = "tensorboard_plugin_profile-2.8.0-py3-none-any.whl", hash = "sha256:d8bcd749d3ebcd2e46eb738dbdc85d10be1a243ef9794f5d175a4ca8b71f6eda"},
    {file = "tensorboard_plugin_profile-2.8.0.tar.gz", hash = "sha256:58d65c979951e7628ca3b46c798e10e5813026a3ecfbacc319cf88ebe766134a"},
]
tensorboard-plugin-wit = [
    {file = "tensorboard_plugin_wit-1.8.1-py3-none-any.whl", hash = "sha256:ff26bdd583d155aa951ee3b152b3d0cffae8005dc697f72b44a8e8c2a77a8cbe"},
]
tensorflow = [
    {file = "tensorflow-2.9.1-cp310-cp310-macosx_10_14_x86_64.whl", hash = "sha256:2c77edeb4a9d542032ddac93f732e3dd3d1c4d15c8795e4e43166ed46503582d"},
    {file = "tensorflow-2.9.1-cp310-cp310-manylinux_2_17_x86_64.manylinux2014_x86_64.whl", hash = "sha256:add2f4e55fd7209a5cb01d815364adc9827184d74a83c2f1616c72be2e85c8b7"},
    {file = "tensorflow-2.9.1-cp310-cp310-win_amd64.whl", hash = "sha256:8be7d7f6091ac5af09c19eb178bbbd51346794684851a7bd57826d2d1cfa220e"},
    {file = "tensorflow-2.9.1-cp37-cp37m-macosx_10_14_x86_64.whl", hash = "sha256:b1f7674220b19ab5d39d9313f9c60278cef56052614600cba192700c658e502c"},
    {file = "tensorflow-2.9.1-cp37-cp37m-manylinux_2_17_x86_64.manylinux2014_x86_64.whl", hash = "sha256:488a7a964298b92278cca593b7f687abd1c8f51982a08dc6ded5efd9457bf477"},
    {file = "tensorflow-2.9.1-cp37-cp37m-win_amd64.whl", hash = "sha256:abbdcfa7c14974f9bafa8f51214c037639a8991eef3dbcafc506e608a673c54c"},
    {file = "tensorflow-2.9.1-cp38-cp38-macosx_10_14_x86_64.whl", hash = "sha256:df048d216f90c9fcbda22bdd03420b0e0e6e7ee98b8b91f221afef46b7664635"},
    {file = "tensorflow-2.9.1-cp38-cp38-manylinux_2_17_x86_64.manylinux2014_x86_64.whl", hash = "sha256:adc1b80ec32337ba1720fadbf64242aae06a7ee1c7aea6a1a0cffe1968c89b25"},
    {file = "tensorflow-2.9.1-cp38-cp38-win_amd64.whl", hash = "sha256:a27bffb91f0aef6ba2a30f6507932d9c6801af56cfee8442767f9f3f69bb37a6"},
    {file = "tensorflow-2.9.1-cp39-cp39-macosx_10_14_x86_64.whl", hash = "sha256:81ad045d39cf4360d5e6183cdda0990661302cca502917a12e54177989b340b9"},
    {file = "tensorflow-2.9.1-cp39-cp39-manylinux_2_17_x86_64.manylinux2014_x86_64.whl", hash = "sha256:212a4d97fb6dedff257703d7a2ce50b0b8ec23d955938083363aa7bc526918cc"},
    {file = "tensorflow-2.9.1-cp39-cp39-win_amd64.whl", hash = "sha256:1c2c6557f6bd7e0d3f1063e27346e4f1c4353db2b7751ac7451033b335fa4b7c"},
]
tensorflow-estimator = [
    {file = "tensorflow_estimator-2.9.0-py2.py3-none-any.whl", hash = "sha256:e9762bb302f51bc1eb2f35d19f0190a6a2d809d754d5def788c4328fe3746744"},
]
tensorflow-io-gcs-filesystem = [
    {file = "tensorflow_io_gcs_filesystem-0.26.0-cp310-cp310-macosx_10_14_x86_64.whl", hash = "sha256:4222a9d0c0ddeca2fd2bfd70f5ed149346f5ba12ffe65d817d8e18393341d8e2"},
    {file = "tensorflow_io_gcs_filesystem-0.26.0-cp310-cp310-manylinux_2_12_x86_64.manylinux2010_x86_64.whl", hash = "sha256:5457eeef1f0f5f294225808b2290a251a2e4639ec66db9d32aa4ae62e807d7e8"},
    {file = "tensorflow_io_gcs_filesystem-0.26.0-cp310-cp310-manylinux_2_17_aarch64.manylinux2014_aarch64.whl", hash = "sha256:4c71cebb26ce10e6e48dc46e6fc0acef5329b01f75a5e76c7defb77175bf97f7"},
    {file = "tensorflow_io_gcs_filesystem-0.26.0-cp310-cp310-win_amd64.whl", hash = "sha256:1c165595c7a67668b44c7ffb9746ffb351c630940d9cca7f2b31f8adf7a36b94"},
    {file = "tensorflow_io_gcs_filesystem-0.26.0-cp37-cp37m-macosx_10_14_x86_64.whl", hash = "sha256:c20e1f95b904f43ac86fdb251f222be2c3e7026e9ddbde2a3b6a456f26a83944"},
    {file = "tensorflow_io_gcs_filesystem-0.26.0-cp37-cp37m-manylinux_2_12_x86_64.manylinux2010_x86_64.whl", hash = "sha256:1cccdc12ec304a7ab3e6f85919ba5a77c2bf751b3d0f9e62196ee7df11a8136a"},
    {file = "tensorflow_io_gcs_filesystem-0.26.0-cp37-cp37m-manylinux_2_17_aarch64.manylinux2014_aarch64.whl", hash = "sha256:94645cac4449dd2ccc40327c23d0256cf4e96597e5a55116a91076e9dc96023e"},
    {file = "tensorflow_io_gcs_filesystem-0.26.0-cp37-cp37m-win_amd64.whl", hash = "sha256:ce0d7eaaebfcb5fdcff161af0e8a4b94d5dc346299111c08373d66058011a16d"},
    {file = "tensorflow_io_gcs_filesystem-0.26.0-cp38-cp38-macosx_10_14_x86_64.whl", hash = "sha256:e9569dadd79b2d4b28dbe5be47c378a884414a85c89eaeae6115bcba4f3cbb96"},
    {file = "tensorflow_io_gcs_filesystem-0.26.0-cp38-cp38-manylinux_2_12_x86_64.manylinux2010_x86_64.whl", hash = "sha256:84a463e228cde296fc63672902a2eceac9fec5f8ae7605e9f18824db591e7f5c"},
    {file = "tensorflow_io_gcs_filesystem-0.26.0-cp38-cp38-manylinux_2_17_aarch64.manylinux2014_aarch64.whl", hash = "sha256:531214e48ef64a96f565550b283e75cf0119abff14048a11a25453b47ec5b61c"},
    {file = "tensorflow_io_gcs_filesystem-0.26.0-cp38-cp38-win_amd64.whl", hash = "sha256:44b28c9c6a9e25774a53ec2e85ed4d0b5c4db3a7d3a4011ade94fa9ee636393c"},
    {file = "tensorflow_io_gcs_filesystem-0.26.0-cp39-cp39-macosx_10_14_x86_64.whl", hash = "sha256:09f9df13737e2b4d92b73653509281d77732ef9a90a1ebef824511ce5431eb0a"},
    {file = "tensorflow_io_gcs_filesystem-0.26.0-cp39-cp39-manylinux_2_12_x86_64.manylinux2010_x86_64.whl", hash = "sha256:c71438e6459f52462b95f98ab17b20cd1a269a1efe837e4df426a0b79359f3b7"},
    {file = "tensorflow_io_gcs_filesystem-0.26.0-cp39-cp39-manylinux_2_17_aarch64.manylinux2014_aarch64.whl", hash = "sha256:bd285595afe03740553710ccdbd1397d69a8e48d758c731c0de1f1c5a71a9fe5"},
    {file = "tensorflow_io_gcs_filesystem-0.26.0-cp39-cp39-win_amd64.whl", hash = "sha256:2940b4ab6848ef5ec34dc3c140b5ae9eba0da13453da839c30ebe3461a6eb51d"},
]
termcolor = [
    {file = "termcolor-1.1.0.tar.gz", hash = "sha256:1d6d69ce66211143803fbc56652b41d73b4a400a2891d7bf7a1cdf4c02de613b"},
]
typing-extensions = [
    {file = "typing_extensions-4.3.0-py3-none-any.whl", hash = "sha256:25642c956049920a5aa49edcdd6ab1e06d7e5d467fc00e0506c44ac86fbfca02"},
    {file = "typing_extensions-4.3.0.tar.gz", hash = "sha256:e6d2677a32f47fc7eb2795db1dd15c1f34eff616bcaf2cfb5e997f854fa1c4a6"},
]
urllib3 = [
    {file = "urllib3-1.26.12-py2.py3-none-any.whl", hash = "sha256:b930dd878d5a8afb066a637fbb35144fe7901e3b209d1cd4f524bd0e9deee997"},
    {file = "urllib3-1.26.12.tar.gz", hash = "sha256:3fa96cf423e6987997fc326ae8df396db2a8b7c667747d47ddd8ecba91f4a74e"},
]
werkzeug = [
    {file = "Werkzeug-2.2.2-py3-none-any.whl", hash = "sha256:f979ab81f58d7318e064e99c4506445d60135ac5cd2e177a2de0089bfd4c9bd5"},
    {file = "Werkzeug-2.2.2.tar.gz", hash = "sha256:7ea2d48322cc7c0f8b3a215ed73eabd7b5d75d0b50e31ab006286ccff9e00b8f"},
]
wrapt = []
