# This file is automatically @generated by Poetry and should not be changed by hand.

[[package]]
name = "youtube-dl"
version = "2021.12.17"
description = "YouTube video downloader"
category = "main"
optional = false
python-versions = "*"
files = [
    {file = "youtube_dl-2021.12.17-py2.py3-none-any.whl", hash = "sha256:f1336d5de68647e0364a47b3c0712578e59ec76f02048ff5c50ef1c69d79cd55"},
    {file = "youtube_dl-2021.12.17.tar.gz", hash = "sha256:bc59e86c5d15d887ac590454511f08ce2c47698d5a82c27bfe27b5d814bbaed2"},
]

[metadata]
lock-version = "2.0"
python-versions = "^3.12"
content-hash = "39762f106cc8ee0672a1770f68e7295c2f262fe3c7fd2dd199cb8ac677f47e33"
