[[package]]
name = "youtube-dl"
version = "2021.5.16"
description = "YouTube video downloader"
category = "main"
optional = false
python-versions = "*"

[metadata]
lock-version = "1.1"
python-versions = "^3.9"
content-hash = "da85233f1aad5fb1348644f511556ebf2b17d3f26f04291aa57197c19d8a159d"

[metadata.files]
youtube-dl = [
    {file = "youtube_dl-2021.5.16-py2.py3-none-any.whl", hash = "sha256:deb489a17e541ec7ac35581375ae94161eb22a7ec3373b1216181a4360c187ab"},
    {file = "youtube_dl-2021.5.16.tar.gz", hash = "sha256:4e569cb0477428fd96ee6f7e7a6640b7c9416be626ed708ac4b8ada6c5a6ffbe"},
]
